
Microsoft Visual Studio Solution File, Format Version 12.00
# Visual Studio Version 17
VisualStudioVersion = 17.0.31903.59
MinimumVisualStudioVersion = 10.0.40219.1
Project("{2150E333-8FDC-42A3-9474-1A3956D46DE8}") = "tests", "tests", "{22EE8CC7-F813-4852-B82E-A39CDF26C811}"
EndProject
Project("{2150E333-8FDC-42A3-9474-1A3956D46DE8}") = "unit", "unit", "{80827518-56E8-44FB-9CAA-5371CAA5F559}"
EndProject
Project("{FAE04EC0-301F-11D3-BF4B-00C04F79EFBC}") = "Inventory.UnitTests", "tests\unit\Inventory.UnitTests\Inventory.UnitTests.csproj", "{35E8EEE8-178C-41F6-BACD-3244E100821D}"
EndProject
Project("{2150E333-8FDC-42A3-9474-1A3956D46DE8}") = "src", "src", "{7772B78C-4EE1-4E24-AD51-499F5E530DFF}"
EndProject
Project("{FAE04EC0-301F-11D3-BF4B-00C04F79EFBC}") = "Inventory.Api", "src\Inventory.Api\Inventory.Api.csproj", "{83C5A367-2F1B-40E1-80CE-AB77E19AC72D}"
EndProject
Project("{FAE04EC0-301F-11D3-BF4B-00C04F79EFBC}") = "Inventory.Infrastructure", "src\Inventory.Infrastructure\Inventory.Infrastructure.csproj", "{35F16007-7959-455E-8E2F-87DA91920B1C}"
EndProject
Project("{FAE04EC0-301F-11D3-BF4B-00C04F79EFBC}") = "Inventory.Domain", "src\Inventory.Domain\Inventory.Domain.csproj", "{89B507E4-4601-4CAA-85E3-2A52B18FD6A0}"
EndProject
Project("{FAE04EC0-301F-11D3-BF4B-00C04F79EFBC}") = "Inventory.Application", "src\Inventory.Application\Inventory.Application.csproj", "{1674C7E0-C1B0-4439-9233-AD66EEE325E5}"
EndProject
Global
	GlobalSection(SolutionConfigurationPlatforms) = preSolution
		Debug|Any CPU = Debug|Any CPU
		Release|Any CPU = Release|Any CPU
	EndGlobalSection
	GlobalSection(SolutionProperties) = preSolution
		HideSolutionNode = FALSE
	EndGlobalSection
	GlobalSection(ProjectConfigurationPlatforms) = postSolution
		{35E8EEE8-178C-41F6-BACD-3244E100821D}.Debug|Any CPU.ActiveCfg = Debug|Any CPU
		{35E8EEE8-178C-41F6-BACD-3244E100821D}.Debug|Any CPU.Build.0 = Debug|Any CPU
		{35E8EEE8-178C-41F6-BACD-3244E100821D}.Release|Any CPU.ActiveCfg = Release|Any CPU
		{35E8EEE8-178C-41F6-BACD-3244E100821D}.Release|Any CPU.Build.0 = Release|Any CPU
		{83C5A367-2F1B-40E1-80CE-AB77E19AC72D}.Debug|Any CPU.ActiveCfg = Debug|Any CPU
		{83C5A367-2F1B-40E1-80CE-AB77E19AC72D}.Debug|Any CPU.Build.0 = Debug|Any CPU
		{83C5A367-2F1B-40E1-80CE-AB77E19AC72D}.Release|Any CPU.ActiveCfg = Release|Any CPU
		{83C5A367-2F1B-40E1-80CE-AB77E19AC72D}.Release|Any CPU.Build.0 = Release|Any CPU
		{35F16007-7959-455E-8E2F-87DA91920B1C}.Debug|Any CPU.ActiveCfg = Debug|Any CPU
		{35F16007-7959-455E-8E2F-87DA91920B1C}.Debug|Any CPU.Build.0 = Debug|Any CPU
		{35F16007-7959-455E-8E2F-87DA91920B1C}.Release|Any CPU.ActiveCfg = Release|Any CPU
		{35F16007-7959-455E-8E2F-87DA91920B1C}.Release|Any CPU.Build.0 = Release|Any CPU
		{89B507E4-4601-4CAA-85E3-2A52B18FD6A0}.Debug|Any CPU.ActiveCfg = Debug|Any CPU
		{89B507E4-4601-4CAA-85E3-2A52B18FD6A0}.Debug|Any CPU.Build.0 = Debug|Any CPU
		{89B507E4-4601-4CAA-85E3-2A52B18FD6A0}.Release|Any CPU.ActiveCfg = Release|Any CPU
		{89B507E4-4601-4CAA-85E3-2A52B18FD6A0}.Release|Any CPU.Build.0 = Release|Any CPU
		{1674C7E0-C1B0-4439-9233-AD66EEE325E5}.Debug|Any CPU.ActiveCfg = Debug|Any CPU
		{1674C7E0-C1B0-4439-9233-AD66EEE325E5}.Debug|Any CPU.Build.0 = Debug|Any CPU
		{1674C7E0-C1B0-4439-9233-AD66EEE325E5}.Release|Any CPU.ActiveCfg = Release|Any CPU
		{1674C7E0-C1B0-4439-9233-AD66EEE325E5}.Release|Any CPU.Build.0 = Release|Any CPU
	EndGlobalSection
	GlobalSection(NestedProjects) = preSolution
		{80827518-56E8-44FB-9CAA-5371CAA5F559} = {22EE8CC7-F813-4852-B82E-A39CDF26C811}
		{35E8EEE8-178C-41F6-BACD-3244E100821D} = {80827518-56E8-44FB-9CAA-5371CAA5F559}
		{83C5A367-2F1B-40E1-80CE-AB77E19AC72D} = {7772B78C-4EE1-4E24-AD51-499F5E530DFF}
		{35F16007-7959-455E-8E2F-87DA91920B1C} = {7772B78C-4EE1-4E24-AD51-499F5E530DFF}
		{89B507E4-4601-4CAA-85E3-2A52B18FD6A0} = {7772B78C-4EE1-4E24-AD51-499F5E530DFF}
		{1674C7E0-C1B0-4439-9233-AD66EEE325E5} = {7772B78C-4EE1-4E24-AD51-499F5E530DFF}
	EndGlobalSection
EndGlobal
