
Microsoft Visual Studio Solution File, Format Version 12.00
# Visual Studio Version 17
VisualStudioVersion = 17.0.31903.59
MinimumVisualStudioVersion = 10.0.40219.1
Project("{2150E333-8FDC-42A3-9474-1A3956D46DE8}") = "services", "services", "{5854FF58-B8C5-05C6-5BF2-ACE42193F22B}"
EndProject
Project("{2150E333-8FDC-42A3-9474-1A3956D46DE8}") = "identity", "identity", "{357A7C97-5AE1-023F-1442-0D9F9AF22A31}"
EndProject
Project("{2150E333-8FDC-42A3-9474-1A3956D46DE8}") = "tests", "tests", "{24EE6AB2-D02D-7346-F780-6A87209C839F}"
EndProject
Project("{2150E333-8FDC-42A3-9474-1A3956D46DE8}") = "unit", "unit", "{381B11D2-1A8E-1FD1-022F-33126C20DF91}"
EndProject
Project("{FAE04EC0-301F-11D3-BF4B-00C04F79EFBC}") = "Identity.UnitTests", "services\identity\tests\unit\Identity.UnitTests\Identity.UnitTests.csproj", "{96F04D80-4E93-4B47-8A88-389B772EC9D1}"
EndProject
Project("{2150E333-8FDC-42A3-9474-1A3956D46DE8}") = "src", "src", "{11349CFE-E14E-3001-C5E9-551783699504}"
EndProject
Project("{FAE04EC0-301F-11D3-BF4B-00C04F79EFBC}") = "Identity.Domain", "services\identity\src\Identity.Domain\Identity.Domain.csproj", "{F821D4B3-EE65-49B0-A15D-0F5F6B3BD014}"
EndProject
Project("{FAE04EC0-301F-11D3-BF4B-00C04F79EFBC}") = "Identity.Application", "services\identity\src\Identity.Application\Identity.Application.csproj", "{2077412A-8150-44B1-8E26-9C788D3D3BA1}"
EndProject
Project("{FAE04EC0-301F-11D3-BF4B-00C04F79EFBC}") = "Identity.Infrastructure", "services\identity\src\Identity.Infrastructure\Identity.Infrastructure.csproj", "{488B574B-203F-420B-9453-9A0583B709C8}"
EndProject
Project("{2150E333-8FDC-42A3-9474-1A3956D46DE8}") = "integration", "integration", "{C6A5CE3E-E1EB-3469-3930-21A9F5C28DF6}"
EndProject
Project("{FAE04EC0-301F-11D3-BF4B-00C04F79EFBC}") = "Identity.IntegrationTests", "services\identity\tests\integration\Identity.IntegrationTests\Identity.IntegrationTests.csproj", "{FC87FAF1-B1CE-4B58-B177-E86900929D57}"
EndProject
Project("{FAE04EC0-301F-11D3-BF4B-00C04F79EFBC}") = "Identity.Api", "services\identity\src\Identity.Api\Identity.Api.csproj", "{4A582C48-FCAC-4378-97BE-00C840176576}"
EndProject
Project("{2150E333-8FDC-42A3-9474-1A3956D46DE8}") = "notification", "notification", "{06470F13-D646-4954-ED4A-FA216054436A}"
EndProject
Project("{2150E333-8FDC-42A3-9474-1A3956D46DE8}") = "tests", "tests", "{428F4B99-902C-FC4B-8D32-09714F842F15}"
EndProject
Project("{2150E333-8FDC-42A3-9474-1A3956D46DE8}") = "unit", "unit", "{CDD3279B-3314-4176-8472-C3AFF657F906}"
EndProject
Project("{FAE04EC0-301F-11D3-BF4B-00C04F79EFBC}") = "Notification.Domain.UnitTests", "services\notification\tests\unit\Notification.Domain.UnitTests\Notification.Domain.UnitTests.csproj", "{41DB1BCB-8E8F-481E-AA64-4E438FE0923A}"
EndProject
Project("{2150E333-8FDC-42A3-9474-1A3956D46DE8}") = "src", "src", "{8F92B431-7114-C16D-7B8D-1A63B3CF6875}"
EndProject
Project("{FAE04EC0-301F-11D3-BF4B-00C04F79EFBC}") = "Notification.Domain", "services\notification\src\Notification.Domain\Notification.Domain.csproj", "{CB8C2FB2-6919-4881-B91A-C93F1E2F560F}"
EndProject
Project("{FAE04EC0-301F-11D3-BF4B-00C04F79EFBC}") = "Notification.Application", "services\notification\src\Notification.Application\Notification.Application.csproj", "{365BF7AF-15D2-43D6-B592-B45BF2F42473}"
EndProject
Project("{FAE04EC0-301F-11D3-BF4B-00C04F79EFBC}") = "Notification.Infrastructure", "services\notification\src\Notification.Infrastructure\Notification.Infrastructure.csproj", "{C208CBC3-E8F0-40B3-90B0-EFB7E583A0CE}"
EndProject
Project("{FAE04EC0-301F-11D3-BF4B-00C04F79EFBC}") = "Notification.Application.UnitTests", "services\notification\tests\unit\Notification.Application.UnitTests\Notification.Application.UnitTests.csproj", "{3B62D488-E5C0-4DCE-91D1-2345FB0528A9}"
EndProject
Project("{2150E333-8FDC-42A3-9474-1A3956D46DE8}") = "integration", "integration", "{7CEB3D8A-84B7-0452-305C-809BD2A0E058}"
EndProject
Project("{FAE04EC0-301F-11D3-BF4B-00C04F79EFBC}") = "Notification.IntegrationTests", "services\notification\tests\integration\Notification.IntegrationTests\Notification.IntegrationTests.csproj", "{6B14993D-3DAE-4AAD-A685-A8658F556714}"
EndProject
Project("{FAE04EC0-301F-11D3-BF4B-00C04F79EFBC}") = "Notification.Api", "services\notification\src\Notification.Api\Notification.Api.csproj", "{B7DBFB96-2424-47A9-B9C2-D7E859A69A41}"
EndProject
Project("{2150E333-8FDC-42A3-9474-1A3956D46DE8}") = "payment", "payment", "{714CC2AF-245C-D6B1-E117-A1157E62AF44}"
EndProject
Project("{2150E333-8FDC-42A3-9474-1A3956D46DE8}") = "tests", "tests", "{963C4EC0-52C4-C2B9-F581-E5C5398D8597}"
EndProject
Project("{2150E333-8FDC-42A3-9474-1A3956D46DE8}") = "unit", "unit", "{08C6B6F9-D69F-8741-5EBB-82C8A7C5D5C2}"
EndProject
Project("{FAE04EC0-301F-11D3-BF4B-00C04F79EFBC}") = "Payment.Domain.UnitTests", "services\payment\tests\unit\Payment.Domain.UnitTests\Payment.Domain.UnitTests.csproj", "{562A5A8B-B171-43D9-92F9-5A3EEE07B1DA}"
EndProject
Project("{2150E333-8FDC-42A3-9474-1A3956D46DE8}") = "src", "src", "{84B429E4-92AB-EF9B-D0A9-E0596A8BA24B}"
EndProject
Project("{FAE04EC0-301F-11D3-BF4B-00C04F79EFBC}") = "Payment.Domain", "services\payment\src\Payment.Domain\Payment.Domain.csproj", "{C2FD7A03-1041-43F2-8342-3BD269451DA2}"
EndProject
Project("{FAE04EC0-301F-11D3-BF4B-00C04F79EFBC}") = "Payment.Application", "services\payment\src\Payment.Application\Payment.Application.csproj", "{11AB39C3-E18C-4888-8EB4-2956D64A3FC7}"
EndProject
Project("{FAE04EC0-301F-11D3-BF4B-00C04F79EFBC}") = "Payment.Infrastructure", "services\payment\src\Payment.Infrastructure\Payment.Infrastructure.csproj", "{2BBDC313-6AE0-48DA-970D-77E7B91E5CD9}"
EndProject
Project("{FAE04EC0-301F-11D3-BF4B-00C04F79EFBC}") = "Payment.Application.UnitTests", "services\payment\tests\unit\Payment.Application.UnitTests\Payment.Application.UnitTests.csproj", "{7F71277D-1507-45A5-B7D8-DD44C604CF02}"
EndProject
Project("{2150E333-8FDC-42A3-9474-1A3956D46DE8}") = "integration", "integration", "{2DE15914-6D8B-963C-4E09-A8627695102D}"
EndProject
Project("{FAE04EC0-301F-11D3-BF4B-00C04F79EFBC}") = "Payment.IntegrationTests", "services\payment\tests\integration\Payment.IntegrationTests\Payment.IntegrationTests.csproj", "{04D7D0CB-E259-43F0-B479-42257E7DDEA0}"
EndProject
Project("{FAE04EC0-301F-11D3-BF4B-00C04F79EFBC}") = "Payment.Api", "services\payment\src\Payment.Api\Payment.Api.csproj", "{0FFF5DCB-A4ED-414B-A631-976AE3D55890}"
EndProject
Project("{2150E333-8FDC-42A3-9474-1A3956D46DE8}") = "catalog", "catalog", "{944ACC7E-4FFC-A2A2-09E1-98A62C66F8DB}"
EndProject
Project("{2150E333-8FDC-42A3-9474-1A3956D46DE8}") = "tests", "tests", "{26B96603-2099-C782-EFE9-34CF1538469E}"
EndProject
Project("{2150E333-8FDC-42A3-9474-1A3956D46DE8}") = "unit", "unit", "{5706C18E-2DD8-988E-6650-1D910970FB60}"
EndProject
Project("{FAE04EC0-301F-11D3-BF4B-00C04F79EFBC}") = "Catalog.Domain.UnitTests", "services\catalog\tests\unit\Catalog.Domain.UnitTests\Catalog.Domain.UnitTests.csproj", "{341B7C4F-20F9-4167-911B-342B63BE6B1F}"
EndProject
Project("{2150E333-8FDC-42A3-9474-1A3956D46DE8}") = "src", "src", "{41BBDC93-4E50-1894-3C33-F8A2B62FA41D}"
EndProject
Project("{FAE04EC0-301F-11D3-BF4B-00C04F79EFBC}") = "Catalog.Domain", "services\catalog\src\Catalog.Domain\Catalog.Domain.csproj", "{65846CA7-7FBE-401A-B63E-1D183C19FFCD}"
EndProject
Project("{FAE04EC0-301F-11D3-BF4B-00C04F79EFBC}") = "Catalog.Application", "services\catalog\src\Catalog.Application\Catalog.Application.csproj", "{91BEA733-078F-4B12-ABED-F7109136B771}"
EndProject
Project("{FAE04EC0-301F-11D3-BF4B-00C04F79EFBC}") = "Catalog.Infrastructure", "services\catalog\src\Catalog.Infrastructure\Catalog.Infrastructure.csproj", "{908E391B-3786-4226-BB18-F94977D8E90C}"
EndProject
Project("{FAE04EC0-301F-11D3-BF4B-00C04F79EFBC}") = "Catalog.Application.UnitTests", "services\catalog\tests\unit\Catalog.Application.UnitTests\Catalog.Application.UnitTests.csproj", "{C29EB86D-1013-481D-AB7D-2B995DBF6812}"
EndProject
Project("{2150E333-8FDC-42A3-9474-1A3956D46DE8}") = "integration", "integration", "{0E70E967-53F8-5530-FA17-BF0C1290AC6A}"
EndProject
Project("{FAE04EC0-301F-11D3-BF4B-00C04F79EFBC}") = "Catalog.IntegrationTests", "services\catalog\tests\integration\Catalog.IntegrationTests\Catalog.IntegrationTests.csproj", "{6841A239-C81A-415B-B2E7-E7F61855AF15}"
EndProject
Project("{FAE04EC0-301F-11D3-BF4B-00C04F79EFBC}") = "Catalog.Api", "services\catalog\src\Catalog.Api\Catalog.Api.csproj", "{3D8FF26F-8D09-4372-8EE1-FC7C6027FEB1}"
EndProject
Project("{2150E333-8FDC-42A3-9474-1A3956D46DE8}") = "fulfillment", "fulfillment", "{32D673C6-417B-0EA7-E011-5E969F1F2111}"
EndProject
Project("{2150E333-8FDC-42A3-9474-1A3956D46DE8}") = "tests", "tests", "{06EB6DD4-93EB-639E-C411-C859739C5376}"
EndProject
Project("{2150E333-8FDC-42A3-9474-1A3956D46DE8}") = "unit", "unit", "{2DDCA865-E7BB-BF4C-AE3C-7DB5ECEDEA4E}"
EndProject
Project("{FAE04EC0-301F-11D3-BF4B-00C04F79EFBC}") = "Fulfillment.Domain.UnitTests", "services\fulfillment\tests\unit\Fulfillment.Domain.UnitTests\Fulfillment.Domain.UnitTests.csproj", "{020A7D3C-4F21-41D8-9EB6-52BDE87012EC}"
EndProject
Project("{2150E333-8FDC-42A3-9474-1A3956D46DE8}") = "src", "src", "{82CD180A-7435-768D-493C-187E1FAF8F8B}"
EndProject
Project("{FAE04EC0-301F-11D3-BF4B-00C04F79EFBC}") = "Fulfillment.Domain", "services\fulfillment\src\Fulfillment.Domain\Fulfillment.Domain.csproj", "{DC14FD8A-66EF-4487-9C7F-7D3B9F284FEE}"
EndProject
Project("{FAE04EC0-301F-11D3-BF4B-00C04F79EFBC}") = "Fulfillment.Application", "services\fulfillment\src\Fulfillment.Application\Fulfillment.Application.csproj", "{95D37544-7274-462C-B6D2-3BA903CA0A32}"
EndProject
Project("{FAE04EC0-301F-11D3-BF4B-00C04F79EFBC}") = "Fulfillment.Infrastructure", "services\fulfillment\src\Fulfillment.Infrastructure\Fulfillment.Infrastructure.csproj", "{719F5436-14A5-4407-9BCB-ABFC062D8A37}"
EndProject
Project("{FAE04EC0-301F-11D3-BF4B-00C04F79EFBC}") = "Fulfillment.Application.UnitTests", "services\fulfillment\tests\unit\Fulfillment.Application.UnitTests\Fulfillment.Application.UnitTests.csproj", "{A9E629E7-7D3C-4E9F-9FC6-C4ED192D34EF}"
EndProject
Project("{2150E333-8FDC-42A3-9474-1A3956D46DE8}") = "integration", "integration", "{7AA914D5-E5AF-A0EE-CFCB-8DD3E86584BA}"
EndProject
Project("{FAE04EC0-301F-11D3-BF4B-00C04F79EFBC}") = "Fulfillment.IntegrationTests", "services\fulfillment\tests\integration\Fulfillment.IntegrationTests\Fulfillment.IntegrationTests.csproj", "{C6B68993-FCF8-4274-A5CF-EAAC6BD1BDEE}"
EndProject
Project("{FAE04EC0-301F-11D3-BF4B-00C04F79EFBC}") = "Fulfillment.Api", "services\fulfillment\src\Fulfillment.Api\Fulfillment.Api.csproj", "{12DA317A-9C1A-42F9-AAE7-63B3B175B4EC}"
EndProject
Project("{2150E333-8FDC-42A3-9474-1A3956D46DE8}") = "ordering", "ordering", "{3BAACA43-EC64-C367-9FAA-9C38067293A8}"
EndProject
Project("{2150E333-8FDC-42A3-9474-1A3956D46DE8}") = "tests", "tests", "{A5051CE6-44C1-9EE0-BF75-53BEFDCE1024}"
EndProject
Project("{2150E333-8FDC-42A3-9474-1A3956D46DE8}") = "unit", "unit", "{47A056B8-36F8-5ACB-AE1A-40FA6BC73488}"
EndProject
Project("{FAE04EC0-301F-11D3-BF4B-00C04F79EFBC}") = "Ordering.Application.UnitTests", "services\ordering\tests\unit\Ordering.Application.UnitTests\Ordering.Application.UnitTests.csproj", "{0125632F-379C-4348-9762-AD961EAED431}"
EndProject
Project("{2150E333-8FDC-42A3-9474-1A3956D46DE8}") = "src", "src", "{3EDB9CFC-2382-5EF6-3E27-F6F32ED06D57}"
EndProject
Project("{FAE04EC0-301F-11D3-BF4B-00C04F79EFBC}") = "Ordering.Domain", "services\ordering\src\Ordering.Domain\Ordering.Domain.csproj", "{4372BA95-724D-4CE5-B263-529A0A171B08}"
EndProject
Project("{FAE04EC0-301F-11D3-BF4B-00C04F79EFBC}") = "Ordering.Application", "services\ordering\src\Ordering.Application\Ordering.Application.csproj", "{45A7EDCD-2FFC-4791-82CE-EA3308DDD8CF}"
EndProject
Project("{FAE04EC0-301F-11D3-BF4B-00C04F79EFBC}") = "Ordering.Infrastructure", "services\ordering\src\Ordering.Infrastructure\Ordering.Infrastructure.csproj", "{A52D63B2-7FA1-4480-91BD-B22F491BECBE}"
EndProject
Project("{FAE04EC0-301F-11D3-BF4B-00C04F79EFBC}") = "Ordering.Domain.UnitTests", "services\ordering\tests\unit\Ordering.Domain.UnitTests\Ordering.Domain.UnitTests.csproj", "{1195243B-2225-45EF-9081-358FD3B8E6F9}"
EndProject
Project("{2150E333-8FDC-42A3-9474-1A3956D46DE8}") = "integration", "integration", "{EF63E02C-435D-5BEE-9A90-A2098822AB12}"
EndProject
Project("{FAE04EC0-301F-11D3-BF4B-00C04F79EFBC}") = "Ordering.IntegrationTests", "services\ordering\tests\integration\Ordering.IntegrationTests\Ordering.IntegrationTests.csproj", "{C4D0EA86-BC15-4451-A5FD-294BE16BECEF}"
EndProject
Project("{FAE04EC0-301F-11D3-BF4B-00C04F79EFBC}") = "Ordering.Api", "services\ordering\src\Ordering.Api\Ordering.Api.csproj", "{3D504D2B-3995-44D8-A49E-A0E0D0A3F71D}"
EndProject
Project("{2150E333-8FDC-42A3-9474-1A3956D46DE8}") = "inventory", "inventory", "{E968773F-A3F0-8B5A-CFB8-BE121AA8E63F}"
EndProject
Project("{2150E333-8FDC-42A3-9474-1A3956D46DE8}") = "tests", "tests", "{F8AF3D45-4AFB-8D53-0BFD-9C3932D21D8E}"
EndProject
Project("{2150E333-8FDC-42A3-9474-1A3956D46DE8}") = "unit", "unit", "{5151AEEF-E412-34B7-D12F-EE15A5C645B9}"
EndProject
Project("{FAE04EC0-301F-11D3-BF4B-00C04F79EFBC}") = "Inventory.UnitTests", "services\inventory\tests\unit\Inventory.UnitTests\Inventory.UnitTests.csproj", "{F1627808-0ECC-4A08-960F-8A4943382DC6}"
EndProject
Project("{2150E333-8FDC-42A3-9474-1A3956D46DE8}") = "src", "src", "{60AB97C5-5A84-D312-BDAA-23917E573DDB}"
EndProject
Project("{FAE04EC0-301F-11D3-BF4B-00C04F79EFBC}") = "Inventory.Domain", "services\inventory\src\Inventory.Domain\Inventory.Domain.csproj", "{90E49895-88A1-4182-B56B-D11DD0FD838A}"
EndProject
Project("{FAE04EC0-301F-11D3-BF4B-00C04F79EFBC}") = "Inventory.Application", "services\inventory\src\Inventory.Application\Inventory.Application.csproj", "{FA81AEBD-72C7-45A5-B4ED-698AAF15EEEB}"
EndProject
Project("{FAE04EC0-301F-11D3-BF4B-00C04F79EFBC}") = "Inventory.Infrastructure", "services\inventory\src\Inventory.Infrastructure\Inventory.Infrastructure.csproj", "{6F479808-9C2D-42B5-8AA7-28DE11B6A9F0}"
EndProject
Project("{2150E333-8FDC-42A3-9474-1A3956D46DE8}") = "integration", "integration", "{154F28C3-321C-5E5A-8D48-38ACA5C67376}"
EndProject
Project("{FAE04EC0-301F-11D3-BF4B-00C04F79EFBC}") = "Inventory.IntegrationTests", "services\inventory\tests\integration\Inventory.IntegrationTests\Inventory.IntegrationTests.csproj", "{79E9B547-05B6-44BC-A8B3-B5FADFE108FF}"
EndProject
Project("{FAE04EC0-301F-11D3-BF4B-00C04F79EFBC}") = "Inventory.Api", "services\inventory\src\Inventory.Api\Inventory.Api.csproj", "{DEBF3858-FDA2-4580-B3DD-15A90DD69E55}"
EndProject
Global
	GlobalSection(SolutionConfigurationPlatforms) = preSolution
		Debug|Any CPU = Debug|Any CPU
		Debug|x64 = Debug|x64
		Debug|x86 = Debug|x86
		Release|Any CPU = Release|Any CPU
		Release|x64 = Release|x64
		Release|x86 = Release|x86
	EndGlobalSection
	GlobalSection(ProjectConfigurationPlatforms) = postSolution
		{96F04D80-4E93-4B47-8A88-389B772EC9D1}.Debug|Any CPU.ActiveCfg = Debug|Any CPU
		{96F04D80-4E93-4B47-8A88-389B772EC9D1}.Debug|Any CPU.Build.0 = Debug|Any CPU
		{96F04D80-4E93-4B47-8A88-389B772EC9D1}.Debug|x64.ActiveCfg = Debug|Any CPU
		{96F04D80-4E93-4B47-8A88-389B772EC9D1}.Debug|x64.Build.0 = Debug|Any CPU
		{96F04D80-4E93-4B47-8A88-389B772EC9D1}.Debug|x86.ActiveCfg = Debug|Any CPU
		{96F04D80-4E93-4B47-8A88-389B772EC9D1}.Debug|x86.Build.0 = Debug|Any CPU
		{96F04D80-4E93-4B47-8A88-389B772EC9D1}.Release|Any CPU.ActiveCfg = Release|Any CPU
		{96F04D80-4E93-4B47-8A88-389B772EC9D1}.Release|Any CPU.Build.0 = Release|Any CPU
		{96F04D80-4E93-4B47-8A88-389B772EC9D1}.Release|x64.ActiveCfg = Release|Any CPU
		{96F04D80-4E93-4B47-8A88-389B772EC9D1}.Release|x64.Build.0 = Release|Any CPU
		{96F04D80-4E93-4B47-8A88-389B772EC9D1}.Release|x86.ActiveCfg = Release|Any CPU
		{96F04D80-4E93-4B47-8A88-389B772EC9D1}.Release|x86.Build.0 = Release|Any CPU
		{F821D4B3-EE65-49B0-A15D-0F5F6B3BD014}.Debug|Any CPU.ActiveCfg = Debug|Any CPU
		{F821D4B3-EE65-49B0-A15D-0F5F6B3BD014}.Debug|Any CPU.Build.0 = Debug|Any CPU
		{F821D4B3-EE65-49B0-A15D-0F5F6B3BD014}.Debug|x64.ActiveCfg = Debug|Any CPU
		{F821D4B3-EE65-49B0-A15D-0F5F6B3BD014}.Debug|x64.Build.0 = Debug|Any CPU
		{F821D4B3-EE65-49B0-A15D-0F5F6B3BD014}.Debug|x86.ActiveCfg = Debug|Any CPU
		{F821D4B3-EE65-49B0-A15D-0F5F6B3BD014}.Debug|x86.Build.0 = Debug|Any CPU
		{F821D4B3-EE65-49B0-A15D-0F5F6B3BD014}.Release|Any CPU.ActiveCfg = Release|Any CPU
		{F821D4B3-EE65-49B0-A15D-0F5F6B3BD014}.Release|Any CPU.Build.0 = Release|Any CPU
		{F821D4B3-EE65-49B0-A15D-0F5F6B3BD014}.Release|x64.ActiveCfg = Release|Any CPU
		{F821D4B3-EE65-49B0-A15D-0F5F6B3BD014}.Release|x64.Build.0 = Release|Any CPU
		{F821D4B3-EE65-49B0-A15D-0F5F6B3BD014}.Release|x86.ActiveCfg = Release|Any CPU
		{F821D4B3-EE65-49B0-A15D-0F5F6B3BD014}.Release|x86.Build.0 = Release|Any CPU
		{2077412A-8150-44B1-8E26-9C788D3D3BA1}.Debug|Any CPU.ActiveCfg = Debug|Any CPU
		{2077412A-8150-44B1-8E26-9C788D3D3BA1}.Debug|Any CPU.Build.0 = Debug|Any CPU
		{2077412A-8150-44B1-8E26-9C788D3D3BA1}.Debug|x64.ActiveCfg = Debug|Any CPU
		{2077412A-8150-44B1-8E26-9C788D3D3BA1}.Debug|x64.Build.0 = Debug|Any CPU
		{2077412A-8150-44B1-8E26-9C788D3D3BA1}.Debug|x86.ActiveCfg = Debug|Any CPU
		{2077412A-8150-44B1-8E26-9C788D3D3BA1}.Debug|x86.Build.0 = Debug|Any CPU
		{2077412A-8150-44B1-8E26-9C788D3D3BA1}.Release|Any CPU.ActiveCfg = Release|Any CPU
		{2077412A-8150-44B1-8E26-9C788D3D3BA1}.Release|Any CPU.Build.0 = Release|Any CPU
		{2077412A-8150-44B1-8E26-9C788D3D3BA1}.Release|x64.ActiveCfg = Release|Any CPU
		{2077412A-8150-44B1-8E26-9C788D3D3BA1}.Release|x64.Build.0 = Release|Any CPU
		{2077412A-8150-44B1-8E26-9C788D3D3BA1}.Release|x86.ActiveCfg = Release|Any CPU
		{2077412A-8150-44B1-8E26-9C788D3D3BA1}.Release|x86.Build.0 = Release|Any CPU
		{488B574B-203F-420B-9453-9A0583B709C8}.Debug|Any CPU.ActiveCfg = Debug|Any CPU
		{488B574B-203F-420B-9453-9A0583B709C8}.Debug|Any CPU.Build.0 = Debug|Any CPU
		{488B574B-203F-420B-9453-9A0583B709C8}.Debug|x64.ActiveCfg = Debug|Any CPU
		{488B574B-203F-420B-9453-9A0583B709C8}.Debug|x64.Build.0 = Debug|Any CPU
		{488B574B-203F-420B-9453-9A0583B709C8}.Debug|x86.ActiveCfg = Debug|Any CPU
		{488B574B-203F-420B-9453-9A0583B709C8}.Debug|x86.Build.0 = Debug|Any CPU
		{488B574B-203F-420B-9453-9A0583B709C8}.Release|Any CPU.ActiveCfg = Release|Any CPU
		{488B574B-203F-420B-9453-9A0583B709C8}.Release|Any CPU.Build.0 = Release|Any CPU
		{488B574B-203F-420B-9453-9A0583B709C8}.Release|x64.ActiveCfg = Release|Any CPU
		{488B574B-203F-420B-9453-9A0583B709C8}.Release|x64.Build.0 = Release|Any CPU
		{488B574B-203F-420B-9453-9A0583B709C8}.Release|x86.ActiveCfg = Release|Any CPU
		{488B574B-203F-420B-9453-9A0583B709C8}.Release|x86.Build.0 = Release|Any CPU
		{FC87FAF1-B1CE-4B58-B177-E86900929D57}.Debug|Any CPU.ActiveCfg = Debug|Any CPU
		{FC87FAF1-B1CE-4B58-B177-E86900929D57}.Debug|Any CPU.Build.0 = Debug|Any CPU
		{FC87FAF1-B1CE-4B58-B177-E86900929D57}.Debug|x64.ActiveCfg = Debug|Any CPU
		{FC87FAF1-B1CE-4B58-B177-E86900929D57}.Debug|x64.Build.0 = Debug|Any CPU
		{FC87FAF1-B1CE-4B58-B177-E86900929D57}.Debug|x86.ActiveCfg = Debug|Any CPU
		{FC87FAF1-B1CE-4B58-B177-E86900929D57}.Debug|x86.Build.0 = Debug|Any CPU
		{FC87FAF1-B1CE-4B58-B177-E86900929D57}.Release|Any CPU.ActiveCfg = Release|Any CPU
		{FC87FAF1-B1CE-4B58-B177-E86900929D57}.Release|Any CPU.Build.0 = Release|Any CPU
		{FC87FAF1-B1CE-4B58-B177-E86900929D57}.Release|x64.ActiveCfg = Release|Any CPU
		{FC87FAF1-B1CE-4B58-B177-E86900929D57}.Release|x64.Build.0 = Release|Any CPU
		{FC87FAF1-B1CE-4B58-B177-E86900929D57}.Release|x86.ActiveCfg = Release|Any CPU
		{FC87FAF1-B1CE-4B58-B177-E86900929D57}.Release|x86.Build.0 = Release|Any CPU
		{4A582C48-FCAC-4378-97BE-00C840176576}.Debug|Any CPU.ActiveCfg = Debug|Any CPU
		{4A582C48-FCAC-4378-97BE-00C840176576}.Debug|Any CPU.Build.0 = Debug|Any CPU
		{4A582C48-FCAC-4378-97BE-00C840176576}.Debug|x64.ActiveCfg = Debug|Any CPU
		{4A582C48-FCAC-4378-97BE-00C840176576}.Debug|x64.Build.0 = Debug|Any CPU
		{4A582C48-FCAC-4378-97BE-00C840176576}.Debug|x86.ActiveCfg = Debug|Any CPU
		{4A582C48-FCAC-4378-97BE-00C840176576}.Debug|x86.Build.0 = Debug|Any CPU
		{4A582C48-FCAC-4378-97BE-00C840176576}.Release|Any CPU.ActiveCfg = Release|Any CPU
		{4A582C48-FCAC-4378-97BE-00C840176576}.Release|Any CPU.Build.0 = Release|Any CPU
		{4A582C48-FCAC-4378-97BE-00C840176576}.Release|x64.ActiveCfg = Release|Any CPU
		{4A582C48-FCAC-4378-97BE-00C840176576}.Release|x64.Build.0 = Release|Any CPU
		{4A582C48-FCAC-4378-97BE-00C840176576}.Release|x86.ActiveCfg = Release|Any CPU
		{4A582C48-FCAC-4378-97BE-00C840176576}.Release|x86.Build.0 = Release|Any CPU
		{41DB1BCB-8E8F-481E-AA64-4E438FE0923A}.Debug|Any CPU.ActiveCfg = Debug|Any CPU
		{41DB1BCB-8E8F-481E-AA64-4E438FE0923A}.Debug|Any CPU.Build.0 = Debug|Any CPU
		{41DB1BCB-8E8F-481E-AA64-4E438FE0923A}.Debug|x64.ActiveCfg = Debug|Any CPU
		{41DB1BCB-8E8F-481E-AA64-4E438FE0923A}.Debug|x64.Build.0 = Debug|Any CPU
		{41DB1BCB-8E8F-481E-AA64-4E438FE0923A}.Debug|x86.ActiveCfg = Debug|Any CPU
		{41DB1BCB-8E8F-481E-AA64-4E438FE0923A}.Debug|x86.Build.0 = Debug|Any CPU
		{41DB1BCB-8E8F-481E-AA64-4E438FE0923A}.Release|Any CPU.ActiveCfg = Release|Any CPU
		{41DB1BCB-8E8F-481E-AA64-4E438FE0923A}.Release|Any CPU.Build.0 = Release|Any CPU
		{41DB1BCB-8E8F-481E-AA64-4E438FE0923A}.Release|x64.ActiveCfg = Release|Any CPU
		{41DB1BCB-8E8F-481E-AA64-4E438FE0923A}.Release|x64.Build.0 = Release|Any CPU
		{41DB1BCB-8E8F-481E-AA64-4E438FE0923A}.Release|x86.ActiveCfg = Release|Any CPU
		{41DB1BCB-8E8F-481E-AA64-4E438FE0923A}.Release|x86.Build.0 = Release|Any CPU
		{CB8C2FB2-6919-4881-B91A-C93F1E2F560F}.Debug|Any CPU.ActiveCfg = Debug|Any CPU
		{CB8C2FB2-6919-4881-B91A-C93F1E2F560F}.Debug|Any CPU.Build.0 = Debug|Any CPU
		{CB8C2FB2-6919-4881-B91A-C93F1E2F560F}.Debug|x64.ActiveCfg = Debug|Any CPU
		{CB8C2FB2-6919-4881-B91A-C93F1E2F560F}.Debug|x64.Build.0 = Debug|Any CPU
		{CB8C2FB2-6919-4881-B91A-C93F1E2F560F}.Debug|x86.ActiveCfg = Debug|Any CPU
		{CB8C2FB2-6919-4881-B91A-C93F1E2F560F}.Debug|x86.Build.0 = Debug|Any CPU
		{CB8C2FB2-6919-4881-B91A-C93F1E2F560F}.Release|Any CPU.ActiveCfg = Release|Any CPU
		{CB8C2FB2-6919-4881-B91A-C93F1E2F560F}.Release|Any CPU.Build.0 = Release|Any CPU
		{CB8C2FB2-6919-4881-B91A-C93F1E2F560F}.Release|x64.ActiveCfg = Release|Any CPU
		{CB8C2FB2-6919-4881-B91A-C93F1E2F560F}.Release|x64.Build.0 = Release|Any CPU
		{CB8C2FB2-6919-4881-B91A-C93F1E2F560F}.Release|x86.ActiveCfg = Release|Any CPU
		{CB8C2FB2-6919-4881-B91A-C93F1E2F560F}.Release|x86.Build.0 = Release|Any CPU
		{365BF7AF-15D2-43D6-B592-B45BF2F42473}.Debug|Any CPU.ActiveCfg = Debug|Any CPU
		{365BF7AF-15D2-43D6-B592-B45BF2F42473}.Debug|Any CPU.Build.0 = Debug|Any CPU
		{365BF7AF-15D2-43D6-B592-B45BF2F42473}.Debug|x64.ActiveCfg = Debug|Any CPU
		{365BF7AF-15D2-43D6-B592-B45BF2F42473}.Debug|x64.Build.0 = Debug|Any CPU
		{365BF7AF-15D2-43D6-B592-B45BF2F42473}.Debug|x86.ActiveCfg = Debug|Any CPU
		{365BF7AF-15D2-43D6-B592-B45BF2F42473}.Debug|x86.Build.0 = Debug|Any CPU
		{365BF7AF-15D2-43D6-B592-B45BF2F42473}.Release|Any CPU.ActiveCfg = Release|Any CPU
		{365BF7AF-15D2-43D6-B592-B45BF2F42473}.Release|Any CPU.Build.0 = Release|Any CPU
		{365BF7AF-15D2-43D6-B592-B45BF2F42473}.Release|x64.ActiveCfg = Release|Any CPU
		{365BF7AF-15D2-43D6-B592-B45BF2F42473}.Release|x64.Build.0 = Release|Any CPU
		{365BF7AF-15D2-43D6-B592-B45BF2F42473}.Release|x86.ActiveCfg = Release|Any CPU
		{365BF7AF-15D2-43D6-B592-B45BF2F42473}.Release|x86.Build.0 = Release|Any CPU
		{C208CBC3-E8F0-40B3-90B0-EFB7E583A0CE}.Debug|Any CPU.ActiveCfg = Debug|Any CPU
		{C208CBC3-E8F0-40B3-90B0-EFB7E583A0CE}.Debug|Any CPU.Build.0 = Debug|Any CPU
		{C208CBC3-E8F0-40B3-90B0-EFB7E583A0CE}.Debug|x64.ActiveCfg = Debug|Any CPU
		{C208CBC3-E8F0-40B3-90B0-EFB7E583A0CE}.Debug|x64.Build.0 = Debug|Any CPU
		{C208CBC3-E8F0-40B3-90B0-EFB7E583A0CE}.Debug|x86.ActiveCfg = Debug|Any CPU
		{C208CBC3-E8F0-40B3-90B0-EFB7E583A0CE}.Debug|x86.Build.0 = Debug|Any CPU
		{C208CBC3-E8F0-40B3-90B0-EFB7E583A0CE}.Release|Any CPU.ActiveCfg = Release|Any CPU
		{C208CBC3-E8F0-40B3-90B0-EFB7E583A0CE}.Release|Any CPU.Build.0 = Release|Any CPU
		{C208CBC3-E8F0-40B3-90B0-EFB7E583A0CE}.Release|x64.ActiveCfg = Release|Any CPU
		{C208CBC3-E8F0-40B3-90B0-EFB7E583A0CE}.Release|x64.Build.0 = Release|Any CPU
		{C208CBC3-E8F0-40B3-90B0-EFB7E583A0CE}.Release|x86.ActiveCfg = Release|Any CPU
		{C208CBC3-E8F0-40B3-90B0-EFB7E583A0CE}.Release|x86.Build.0 = Release|Any CPU
		{3B62D488-E5C0-4DCE-91D1-2345FB0528A9}.Debug|Any CPU.ActiveCfg = Debug|Any CPU
		{3B62D488-E5C0-4DCE-91D1-2345FB0528A9}.Debug|Any CPU.Build.0 = Debug|Any CPU
		{3B62D488-E5C0-4DCE-91D1-2345FB0528A9}.Debug|x64.ActiveCfg = Debug|Any CPU
		{3B62D488-E5C0-4DCE-91D1-2345FB0528A9}.Debug|x64.Build.0 = Debug|Any CPU
		{3B62D488-E5C0-4DCE-91D1-2345FB0528A9}.Debug|x86.ActiveCfg = Debug|Any CPU
		{3B62D488-E5C0-4DCE-91D1-2345FB0528A9}.Debug|x86.Build.0 = Debug|Any CPU
		{3B62D488-E5C0-4DCE-91D1-2345FB0528A9}.Release|Any CPU.ActiveCfg = Release|Any CPU
		{3B62D488-E5C0-4DCE-91D1-2345FB0528A9}.Release|Any CPU.Build.0 = Release|Any CPU
		{3B62D488-E5C0-4DCE-91D1-2345FB0528A9}.Release|x64.ActiveCfg = Release|Any CPU
		{3B62D488-E5C0-4DCE-91D1-2345FB0528A9}.Release|x64.Build.0 = Release|Any CPU
		{3B62D488-E5C0-4DCE-91D1-2345FB0528A9}.Release|x86.ActiveCfg = Release|Any CPU
		{3B62D488-E5C0-4DCE-91D1-2345FB0528A9}.Release|x86.Build.0 = Release|Any CPU
		{6B14993D-3DAE-4AAD-A685-A8658F556714}.Debug|Any CPU.ActiveCfg = Debug|Any CPU
		{6B14993D-3DAE-4AAD-A685-A8658F556714}.Debug|Any CPU.Build.0 = Debug|Any CPU
		{6B14993D-3DAE-4AAD-A685-A8658F556714}.Debug|x64.ActiveCfg = Debug|Any CPU
		{6B14993D-3DAE-4AAD-A685-A8658F556714}.Debug|x64.Build.0 = Debug|Any CPU
		{6B14993D-3DAE-4AAD-A685-A8658F556714}.Debug|x86.ActiveCfg = Debug|Any CPU
		{6B14993D-3DAE-4AAD-A685-A8658F556714}.Debug|x86.Build.0 = Debug|Any CPU
		{6B14993D-3DAE-4AAD-A685-A8658F556714}.Release|Any CPU.ActiveCfg = Release|Any CPU
		{6B14993D-3DAE-4AAD-A685-A8658F556714}.Release|Any CPU.Build.0 = Release|Any CPU
		{6B14993D-3DAE-4AAD-A685-A8658F556714}.Release|x64.ActiveCfg = Release|Any CPU
		{6B14993D-3DAE-4AAD-A685-A8658F556714}.Release|x64.Build.0 = Release|Any CPU
		{6B14993D-3DAE-4AAD-A685-A8658F556714}.Release|x86.ActiveCfg = Release|Any CPU
		{6B14993D-3DAE-4AAD-A685-A8658F556714}.Release|x86.Build.0 = Release|Any CPU
		{B7DBFB96-2424-47A9-B9C2-D7E859A69A41}.Debug|Any CPU.ActiveCfg = Debug|Any CPU
		{B7DBFB96-2424-47A9-B9C2-D7E859A69A41}.Debug|Any CPU.Build.0 = Debug|Any CPU
		{B7DBFB96-2424-47A9-B9C2-D7E859A69A41}.Debug|x64.ActiveCfg = Debug|Any CPU
		{B7DBFB96-2424-47A9-B9C2-D7E859A69A41}.Debug|x64.Build.0 = Debug|Any CPU
		{B7DBFB96-2424-47A9-B9C2-D7E859A69A41}.Debug|x86.ActiveCfg = Debug|Any CPU
		{B7DBFB96-2424-47A9-B9C2-D7E859A69A41}.Debug|x86.Build.0 = Debug|Any CPU
		{B7DBFB96-2424-47A9-B9C2-D7E859A69A41}.Release|Any CPU.ActiveCfg = Release|Any CPU
		{B7DBFB96-2424-47A9-B9C2-D7E859A69A41}.Release|Any CPU.Build.0 = Release|Any CPU
		{B7DBFB96-2424-47A9-B9C2-D7E859A69A41}.Release|x64.ActiveCfg = Release|Any CPU
		{B7DBFB96-2424-47A9-B9C2-D7E859A69A41}.Release|x64.Build.0 = Release|Any CPU
		{B7DBFB96-2424-47A9-B9C2-D7E859A69A41}.Release|x86.ActiveCfg = Release|Any CPU
		{B7DBFB96-2424-47A9-B9C2-D7E859A69A41}.Release|x86.Build.0 = Release|Any CPU
		{562A5A8B-B171-43D9-92F9-5A3EEE07B1DA}.Debug|Any CPU.ActiveCfg = Debug|Any CPU
		{562A5A8B-B171-43D9-92F9-5A3EEE07B1DA}.Debug|Any CPU.Build.0 = Debug|Any CPU
		{562A5A8B-B171-43D9-92F9-5A3EEE07B1DA}.Debug|x64.ActiveCfg = Debug|Any CPU
		{562A5A8B-B171-43D9-92F9-5A3EEE07B1DA}.Debug|x64.Build.0 = Debug|Any CPU
		{562A5A8B-B171-43D9-92F9-5A3EEE07B1DA}.Debug|x86.ActiveCfg = Debug|Any CPU
		{562A5A8B-B171-43D9-92F9-5A3EEE07B1DA}.Debug|x86.Build.0 = Debug|Any CPU
		{562A5A8B-B171-43D9-92F9-5A3EEE07B1DA}.Release|Any CPU.ActiveCfg = Release|Any CPU
		{562A5A8B-B171-43D9-92F9-5A3EEE07B1DA}.Release|Any CPU.Build.0 = Release|Any CPU
		{562A5A8B-B171-43D9-92F9-5A3EEE07B1DA}.Release|x64.ActiveCfg = Release|Any CPU
		{562A5A8B-B171-43D9-92F9-5A3EEE07B1DA}.Release|x64.Build.0 = Release|Any CPU
		{562A5A8B-B171-43D9-92F9-5A3EEE07B1DA}.Release|x86.ActiveCfg = Release|Any CPU
		{562A5A8B-B171-43D9-92F9-5A3EEE07B1DA}.Release|x86.Build.0 = Release|Any CPU
		{C2FD7A03-1041-43F2-8342-3BD269451DA2}.Debug|Any CPU.ActiveCfg = Debug|Any CPU
		{C2FD7A03-1041-43F2-8342-3BD269451DA2}.Debug|Any CPU.Build.0 = Debug|Any CPU
		{C2FD7A03-1041-43F2-8342-3BD269451DA2}.Debug|x64.ActiveCfg = Debug|Any CPU
		{C2FD7A03-1041-43F2-8342-3BD269451DA2}.Debug|x64.Build.0 = Debug|Any CPU
		{C2FD7A03-1041-43F2-8342-3BD269451DA2}.Debug|x86.ActiveCfg = Debug|Any CPU
		{C2FD7A03-1041-43F2-8342-3BD269451DA2}.Debug|x86.Build.0 = Debug|Any CPU
		{C2FD7A03-1041-43F2-8342-3BD269451DA2}.Release|Any CPU.ActiveCfg = Release|Any CPU
		{C2FD7A03-1041-43F2-8342-3BD269451DA2}.Release|Any CPU.Build.0 = Release|Any CPU
		{C2FD7A03-1041-43F2-8342-3BD269451DA2}.Release|x64.ActiveCfg = Release|Any CPU
		{C2FD7A03-1041-43F2-8342-3BD269451DA2}.Release|x64.Build.0 = Release|Any CPU
		{C2FD7A03-1041-43F2-8342-3BD269451DA2}.Release|x86.ActiveCfg = Release|Any CPU
		{C2FD7A03-1041-43F2-8342-3BD269451DA2}.Release|x86.Build.0 = Release|Any CPU
		{11AB39C3-E18C-4888-8EB4-2956D64A3FC7}.Debug|Any CPU.ActiveCfg = Debug|Any CPU
		{11AB39C3-E18C-4888-8EB4-2956D64A3FC7}.Debug|Any CPU.Build.0 = Debug|Any CPU
		{11AB39C3-E18C-4888-8EB4-2956D64A3FC7}.Debug|x64.ActiveCfg = Debug|Any CPU
		{11AB39C3-E18C-4888-8EB4-2956D64A3FC7}.Debug|x64.Build.0 = Debug|Any CPU
		{11AB39C3-E18C-4888-8EB4-2956D64A3FC7}.Debug|x86.ActiveCfg = Debug|Any CPU
		{11AB39C3-E18C-4888-8EB4-2956D64A3FC7}.Debug|x86.Build.0 = Debug|Any CPU
		{11AB39C3-E18C-4888-8EB4-2956D64A3FC7}.Release|Any CPU.ActiveCfg = Release|Any CPU
		{11AB39C3-E18C-4888-8EB4-2956D64A3FC7}.Release|Any CPU.Build.0 = Release|Any CPU
		{11AB39C3-E18C-4888-8EB4-2956D64A3FC7}.Release|x64.ActiveCfg = Release|Any CPU
		{11AB39C3-E18C-4888-8EB4-2956D64A3FC7}.Release|x64.Build.0 = Release|Any CPU
		{11AB39C3-E18C-4888-8EB4-2956D64A3FC7}.Release|x86.ActiveCfg = Release|Any CPU
		{11AB39C3-E18C-4888-8EB4-2956D64A3FC7}.Release|x86.Build.0 = Release|Any CPU
		{2BBDC313-6AE0-48DA-970D-77E7B91E5CD9}.Debug|Any CPU.ActiveCfg = Debug|Any CPU
		{2BBDC313-6AE0-48DA-970D-77E7B91E5CD9}.Debug|Any CPU.Build.0 = Debug|Any CPU
		{2BBDC313-6AE0-48DA-970D-77E7B91E5CD9}.Debug|x64.ActiveCfg = Debug|Any CPU
		{2BBDC313-6AE0-48DA-970D-77E7B91E5CD9}.Debug|x64.Build.0 = Debug|Any CPU
		{2BBDC313-6AE0-48DA-970D-77E7B91E5CD9}.Debug|x86.ActiveCfg = Debug|Any CPU
		{2BBDC313-6AE0-48DA-970D-77E7B91E5CD9}.Debug|x86.Build.0 = Debug|Any CPU
		{2BBDC313-6AE0-48DA-970D-77E7B91E5CD9}.Release|Any CPU.ActiveCfg = Release|Any CPU
		{2BBDC313-6AE0-48DA-970D-77E7B91E5CD9}.Release|Any CPU.Build.0 = Release|Any CPU
		{2BBDC313-6AE0-48DA-970D-77E7B91E5CD9}.Release|x64.ActiveCfg = Release|Any CPU
		{2BBDC313-6AE0-48DA-970D-77E7B91E5CD9}.Release|x64.Build.0 = Release|Any CPU
		{2BBDC313-6AE0-48DA-970D-77E7B91E5CD9}.Release|x86.ActiveCfg = Release|Any CPU
		{2BBDC313-6AE0-48DA-970D-77E7B91E5CD9}.Release|x86.Build.0 = Release|Any CPU
		{7F71277D-1507-45A5-B7D8-DD44C604CF02}.Debug|Any CPU.ActiveCfg = Debug|Any CPU
		{7F71277D-1507-45A5-B7D8-DD44C604CF02}.Debug|Any CPU.Build.0 = Debug|Any CPU
		{7F71277D-1507-45A5-B7D8-DD44C604CF02}.Debug|x64.ActiveCfg = Debug|Any CPU
		{7F71277D-1507-45A5-B7D8-DD44C604CF02}.Debug|x64.Build.0 = Debug|Any CPU
		{7F71277D-1507-45A5-B7D8-DD44C604CF02}.Debug|x86.ActiveCfg = Debug|Any CPU
		{7F71277D-1507-45A5-B7D8-DD44C604CF02}.Debug|x86.Build.0 = Debug|Any CPU
		{7F71277D-1507-45A5-B7D8-DD44C604CF02}.Release|Any CPU.ActiveCfg = Release|Any CPU
		{7F71277D-1507-45A5-B7D8-DD44C604CF02}.Release|Any CPU.Build.0 = Release|Any CPU
		{7F71277D-1507-45A5-B7D8-DD44C604CF02}.Release|x64.ActiveCfg = Release|Any CPU
		{7F71277D-1507-45A5-B7D8-DD44C604CF02}.Release|x64.Build.0 = Release|Any CPU
		{7F71277D-1507-45A5-B7D8-DD44C604CF02}.Release|x86.ActiveCfg = Release|Any CPU
		{7F71277D-1507-45A5-B7D8-DD44C604CF02}.Release|x86.Build.0 = Release|Any CPU
		{04D7D0CB-E259-43F0-B479-42257E7DDEA0}.Debug|Any CPU.ActiveCfg = Debug|Any CPU
		{04D7D0CB-E259-43F0-B479-42257E7DDEA0}.Debug|Any CPU.Build.0 = Debug|Any CPU
		{04D7D0CB-E259-43F0-B479-42257E7DDEA0}.Debug|x64.ActiveCfg = Debug|Any CPU
		{04D7D0CB-E259-43F0-B479-42257E7DDEA0}.Debug|x64.Build.0 = Debug|Any CPU
		{04D7D0CB-E259-43F0-B479-42257E7DDEA0}.Debug|x86.ActiveCfg = Debug|Any CPU
		{04D7D0CB-E259-43F0-B479-42257E7DDEA0}.Debug|x86.Build.0 = Debug|Any CPU
		{04D7D0CB-E259-43F0-B479-42257E7DDEA0}.Release|Any CPU.ActiveCfg = Release|Any CPU
		{04D7D0CB-E259-43F0-B479-42257E7DDEA0}.Release|Any CPU.Build.0 = Release|Any CPU
		{04D7D0CB-E259-43F0-B479-42257E7DDEA0}.Release|x64.ActiveCfg = Release|Any CPU
		{04D7D0CB-E259-43F0-B479-42257E7DDEA0}.Release|x64.Build.0 = Release|Any CPU
		{04D7D0CB-E259-43F0-B479-42257E7DDEA0}.Release|x86.ActiveCfg = Release|Any CPU
		{04D7D0CB-E259-43F0-B479-42257E7DDEA0}.Release|x86.Build.0 = Release|Any CPU
		{0FFF5DCB-A4ED-414B-A631-976AE3D55890}.Debug|Any CPU.ActiveCfg = Debug|Any CPU
		{0FFF5DCB-A4ED-414B-A631-976AE3D55890}.Debug|Any CPU.Build.0 = Debug|Any CPU
		{0FFF5DCB-A4ED-414B-A631-976AE3D55890}.Debug|x64.ActiveCfg = Debug|Any CPU
		{0FFF5DCB-A4ED-414B-A631-976AE3D55890}.Debug|x64.Build.0 = Debug|Any CPU
		{0FFF5DCB-A4ED-414B-A631-976AE3D55890}.Debug|x86.ActiveCfg = Debug|Any CPU
		{0FFF5DCB-A4ED-414B-A631-976AE3D55890}.Debug|x86.Build.0 = Debug|Any CPU
		{0FFF5DCB-A4ED-414B-A631-976AE3D55890}.Release|Any CPU.ActiveCfg = Release|Any CPU
		{0FFF5DCB-A4ED-414B-A631-976AE3D55890}.Release|Any CPU.Build.0 = Release|Any CPU
		{0FFF5DCB-A4ED-414B-A631-976AE3D55890}.Release|x64.ActiveCfg = Release|Any CPU
		{0FFF5DCB-A4ED-414B-A631-976AE3D55890}.Release|x64.Build.0 = Release|Any CPU
		{0FFF5DCB-A4ED-414B-A631-976AE3D55890}.Release|x86.ActiveCfg = Release|Any CPU
		{0FFF5DCB-A4ED-414B-A631-976AE3D55890}.Release|x86.Build.0 = Release|Any CPU
		{341B7C4F-20F9-4167-911B-342B63BE6B1F}.Debug|Any CPU.ActiveCfg = Debug|Any CPU
		{341B7C4F-20F9-4167-911B-342B63BE6B1F}.Debug|Any CPU.Build.0 = Debug|Any CPU
		{341B7C4F-20F9-4167-911B-342B63BE6B1F}.Debug|x64.ActiveCfg = Debug|Any CPU
		{341B7C4F-20F9-4167-911B-342B63BE6B1F}.Debug|x64.Build.0 = Debug|Any CPU
		{341B7C4F-20F9-4167-911B-342B63BE6B1F}.Debug|x86.ActiveCfg = Debug|Any CPU
		{341B7C4F-20F9-4167-911B-342B63BE6B1F}.Debug|x86.Build.0 = Debug|Any CPU
		{341B7C4F-20F9-4167-911B-342B63BE6B1F}.Release|Any CPU.ActiveCfg = Release|Any CPU
		{341B7C4F-20F9-4167-911B-342B63BE6B1F}.Release|Any CPU.Build.0 = Release|Any CPU
		{341B7C4F-20F9-4167-911B-342B63BE6B1F}.Release|x64.ActiveCfg = Release|Any CPU
		{341B7C4F-20F9-4167-911B-342B63BE6B1F}.Release|x64.Build.0 = Release|Any CPU
		{341B7C4F-20F9-4167-911B-342B63BE6B1F}.Release|x86.ActiveCfg = Release|Any CPU
		{341B7C4F-20F9-4167-911B-342B63BE6B1F}.Release|x86.Build.0 = Release|Any CPU
		{65846CA7-7FBE-401A-B63E-1D183C19FFCD}.Debug|Any CPU.ActiveCfg = Debug|Any CPU
		{65846CA7-7FBE-401A-B63E-1D183C19FFCD}.Debug|Any CPU.Build.0 = Debug|Any CPU
		{65846CA7-7FBE-401A-B63E-1D183C19FFCD}.Debug|x64.ActiveCfg = Debug|Any CPU
		{65846CA7-7FBE-401A-B63E-1D183C19FFCD}.Debug|x64.Build.0 = Debug|Any CPU
		{65846CA7-7FBE-401A-B63E-1D183C19FFCD}.Debug|x86.ActiveCfg = Debug|Any CPU
		{65846CA7-7FBE-401A-B63E-1D183C19FFCD}.Debug|x86.Build.0 = Debug|Any CPU
		{65846CA7-7FBE-401A-B63E-1D183C19FFCD}.Release|Any CPU.ActiveCfg = Release|Any CPU
		{65846CA7-7FBE-401A-B63E-1D183C19FFCD}.Release|Any CPU.Build.0 = Release|Any CPU
		{65846CA7-7FBE-401A-B63E-1D183C19FFCD}.Release|x64.ActiveCfg = Release|Any CPU
		{65846CA7-7FBE-401A-B63E-1D183C19FFCD}.Release|x64.Build.0 = Release|Any CPU
		{65846CA7-7FBE-401A-B63E-1D183C19FFCD}.Release|x86.ActiveCfg = Release|Any CPU
		{65846CA7-7FBE-401A-B63E-1D183C19FFCD}.Release|x86.Build.0 = Release|Any CPU
		{91BEA733-078F-4B12-ABED-F7109136B771}.Debug|Any CPU.ActiveCfg = Debug|Any CPU
		{91BEA733-078F-4B12-ABED-F7109136B771}.Debug|Any CPU.Build.0 = Debug|Any CPU
		{91BEA733-078F-4B12-ABED-F7109136B771}.Debug|x64.ActiveCfg = Debug|Any CPU
		{91BEA733-078F-4B12-ABED-F7109136B771}.Debug|x64.Build.0 = Debug|Any CPU
		{91BEA733-078F-4B12-ABED-F7109136B771}.Debug|x86.ActiveCfg = Debug|Any CPU
		{91BEA733-078F-4B12-ABED-F7109136B771}.Debug|x86.Build.0 = Debug|Any CPU
		{91BEA733-078F-4B12-ABED-F7109136B771}.Release|Any CPU.ActiveCfg = Release|Any CPU
		{91BEA733-078F-4B12-ABED-F7109136B771}.Release|Any CPU.Build.0 = Release|Any CPU
		{91BEA733-078F-4B12-ABED-F7109136B771}.Release|x64.ActiveCfg = Release|Any CPU
		{91BEA733-078F-4B12-ABED-F7109136B771}.Release|x64.Build.0 = Release|Any CPU
		{91BEA733-078F-4B12-ABED-F7109136B771}.Release|x86.ActiveCfg = Release|Any CPU
		{91BEA733-078F-4B12-ABED-F7109136B771}.Release|x86.Build.0 = Release|Any CPU
		{908E391B-3786-4226-BB18-F94977D8E90C}.Debug|Any CPU.ActiveCfg = Debug|Any CPU
		{908E391B-3786-4226-BB18-F94977D8E90C}.Debug|Any CPU.Build.0 = Debug|Any CPU
		{908E391B-3786-4226-BB18-F94977D8E90C}.Debug|x64.ActiveCfg = Debug|Any CPU
		{908E391B-3786-4226-BB18-F94977D8E90C}.Debug|x64.Build.0 = Debug|Any CPU
		{908E391B-3786-4226-BB18-F94977D8E90C}.Debug|x86.ActiveCfg = Debug|Any CPU
		{908E391B-3786-4226-BB18-F94977D8E90C}.Debug|x86.Build.0 = Debug|Any CPU
		{908E391B-3786-4226-BB18-F94977D8E90C}.Release|Any CPU.ActiveCfg = Release|Any CPU
		{908E391B-3786-4226-BB18-F94977D8E90C}.Release|Any CPU.Build.0 = Release|Any CPU
		{908E391B-3786-4226-BB18-F94977D8E90C}.Release|x64.ActiveCfg = Release|Any CPU
		{908E391B-3786-4226-BB18-F94977D8E90C}.Release|x64.Build.0 = Release|Any CPU
		{908E391B-3786-4226-BB18-F94977D8E90C}.Release|x86.ActiveCfg = Release|Any CPU
		{908E391B-3786-4226-BB18-F94977D8E90C}.Release|x86.Build.0 = Release|Any CPU
		{C29EB86D-1013-481D-AB7D-2B995DBF6812}.Debug|Any CPU.ActiveCfg = Debug|Any CPU
		{C29EB86D-1013-481D-AB7D-2B995DBF6812}.Debug|Any CPU.Build.0 = Debug|Any CPU
		{C29EB86D-1013-481D-AB7D-2B995DBF6812}.Debug|x64.ActiveCfg = Debug|Any CPU
		{C29EB86D-1013-481D-AB7D-2B995DBF6812}.Debug|x64.Build.0 = Debug|Any CPU
		{C29EB86D-1013-481D-AB7D-2B995DBF6812}.Debug|x86.ActiveCfg = Debug|Any CPU
		{C29EB86D-1013-481D-AB7D-2B995DBF6812}.Debug|x86.Build.0 = Debug|Any CPU
		{C29EB86D-1013-481D-AB7D-2B995DBF6812}.Release|Any CPU.ActiveCfg = Release|Any CPU
		{C29EB86D-1013-481D-AB7D-2B995DBF6812}.Release|Any CPU.Build.0 = Release|Any CPU
		{C29EB86D-1013-481D-AB7D-2B995DBF6812}.Release|x64.ActiveCfg = Release|Any CPU
		{C29EB86D-1013-481D-AB7D-2B995DBF6812}.Release|x64.Build.0 = Release|Any CPU
		{C29EB86D-1013-481D-AB7D-2B995DBF6812}.Release|x86.ActiveCfg = Release|Any CPU
		{C29EB86D-1013-481D-AB7D-2B995DBF6812}.Release|x86.Build.0 = Release|Any CPU
		{6841A239-C81A-415B-B2E7-E7F61855AF15}.Debug|Any CPU.ActiveCfg = Debug|Any CPU
		{6841A239-C81A-415B-B2E7-E7F61855AF15}.Debug|Any CPU.Build.0 = Debug|Any CPU
		{6841A239-C81A-415B-B2E7-E7F61855AF15}.Debug|x64.ActiveCfg = Debug|Any CPU
		{6841A239-C81A-415B-B2E7-E7F61855AF15}.Debug|x64.Build.0 = Debug|Any CPU
		{6841A239-C81A-415B-B2E7-E7F61855AF15}.Debug|x86.ActiveCfg = Debug|Any CPU
		{6841A239-C81A-415B-B2E7-E7F61855AF15}.Debug|x86.Build.0 = Debug|Any CPU
		{6841A239-C81A-415B-B2E7-E7F61855AF15}.Release|Any CPU.ActiveCfg = Release|Any CPU
		{6841A239-C81A-415B-B2E7-E7F61855AF15}.Release|Any CPU.Build.0 = Release|Any CPU
		{6841A239-C81A-415B-B2E7-E7F61855AF15}.Release|x64.ActiveCfg = Release|Any CPU
		{6841A239-C81A-415B-B2E7-E7F61855AF15}.Release|x64.Build.0 = Release|Any CPU
		{6841A239-C81A-415B-B2E7-E7F61855AF15}.Release|x86.ActiveCfg = Release|Any CPU
		{6841A239-C81A-415B-B2E7-E7F61855AF15}.Release|x86.Build.0 = Release|Any CPU
		{3D8FF26F-8D09-4372-8EE1-FC7C6027FEB1}.Debug|Any CPU.ActiveCfg = Debug|Any CPU
		{3D8FF26F-8D09-4372-8EE1-FC7C6027FEB1}.Debug|Any CPU.Build.0 = Debug|Any CPU
		{3D8FF26F-8D09-4372-8EE1-FC7C6027FEB1}.Debug|x64.ActiveCfg = Debug|Any CPU
		{3D8FF26F-8D09-4372-8EE1-FC7C6027FEB1}.Debug|x64.Build.0 = Debug|Any CPU
		{3D8FF26F-8D09-4372-8EE1-FC7C6027FEB1}.Debug|x86.ActiveCfg = Debug|Any CPU
		{3D8FF26F-8D09-4372-8EE1-FC7C6027FEB1}.Debug|x86.Build.0 = Debug|Any CPU
		{3D8FF26F-8D09-4372-8EE1-FC7C6027FEB1}.Release|Any CPU.ActiveCfg = Release|Any CPU
		{3D8FF26F-8D09-4372-8EE1-FC7C6027FEB1}.Release|Any CPU.Build.0 = Release|Any CPU
		{3D8FF26F-8D09-4372-8EE1-FC7C6027FEB1}.Release|x64.ActiveCfg = Release|Any CPU
		{3D8FF26F-8D09-4372-8EE1-FC7C6027FEB1}.Release|x64.Build.0 = Release|Any CPU
		{3D8FF26F-8D09-4372-8EE1-FC7C6027FEB1}.Release|x86.ActiveCfg = Release|Any CPU
		{3D8FF26F-8D09-4372-8EE1-FC7C6027FEB1}.Release|x86.Build.0 = Release|Any CPU
		{020A7D3C-4F21-41D8-9EB6-52BDE87012EC}.Debug|Any CPU.ActiveCfg = Debug|Any CPU
		{020A7D3C-4F21-41D8-9EB6-52BDE87012EC}.Debug|Any CPU.Build.0 = Debug|Any CPU
		{020A7D3C-4F21-41D8-9EB6-52BDE87012EC}.Debug|x64.ActiveCfg = Debug|Any CPU
		{020A7D3C-4F21-41D8-9EB6-52BDE87012EC}.Debug|x64.Build.0 = Debug|Any CPU
		{020A7D3C-4F21-41D8-9EB6-52BDE87012EC}.Debug|x86.ActiveCfg = Debug|Any CPU
		{020A7D3C-4F21-41D8-9EB6-52BDE87012EC}.Debug|x86.Build.0 = Debug|Any CPU
		{020A7D3C-4F21-41D8-9EB6-52BDE87012EC}.Release|Any CPU.ActiveCfg = Release|Any CPU
		{020A7D3C-4F21-41D8-9EB6-52BDE87012EC}.Release|Any CPU.Build.0 = Release|Any CPU
		{020A7D3C-4F21-41D8-9EB6-52BDE87012EC}.Release|x64.ActiveCfg = Release|Any CPU
		{020A7D3C-4F21-41D8-9EB6-52BDE87012EC}.Release|x64.Build.0 = Release|Any CPU
		{020A7D3C-4F21-41D8-9EB6-52BDE87012EC}.Release|x86.ActiveCfg = Release|Any CPU
		{020A7D3C-4F21-41D8-9EB6-52BDE87012EC}.Release|x86.Build.0 = Release|Any CPU
		{DC14FD8A-66EF-4487-9C7F-7D3B9F284FEE}.Debug|Any CPU.ActiveCfg = Debug|Any CPU
		{DC14FD8A-66EF-4487-9C7F-7D3B9F284FEE}.Debug|Any CPU.Build.0 = Debug|Any CPU
		{DC14FD8A-66EF-4487-9C7F-7D3B9F284FEE}.Debug|x64.ActiveCfg = Debug|Any CPU
		{DC14FD8A-66EF-4487-9C7F-7D3B9F284FEE}.Debug|x64.Build.0 = Debug|Any CPU
		{DC14FD8A-66EF-4487-9C7F-7D3B9F284FEE}.Debug|x86.ActiveCfg = Debug|Any CPU
		{DC14FD8A-66EF-4487-9C7F-7D3B9F284FEE}.Debug|x86.Build.0 = Debug|Any CPU
		{DC14FD8A-66EF-4487-9C7F-7D3B9F284FEE}.Release|Any CPU.ActiveCfg = Release|Any CPU
		{DC14FD8A-66EF-4487-9C7F-7D3B9F284FEE}.Release|Any CPU.Build.0 = Release|Any CPU
		{DC14FD8A-66EF-4487-9C7F-7D3B9F284FEE}.Release|x64.ActiveCfg = Release|Any CPU
		{DC14FD8A-66EF-4487-9C7F-7D3B9F284FEE}.Release|x64.Build.0 = Release|Any CPU
		{DC14FD8A-66EF-4487-9C7F-7D3B9F284FEE}.Release|x86.ActiveCfg = Release|Any CPU
		{DC14FD8A-66EF-4487-9C7F-7D3B9F284FEE}.Release|x86.Build.0 = Release|Any CPU
		{95D37544-7274-462C-B6D2-3BA903CA0A32}.Debug|Any CPU.ActiveCfg = Debug|Any CPU
		{95D37544-7274-462C-B6D2-3BA903CA0A32}.Debug|Any CPU.Build.0 = Debug|Any CPU
		{95D37544-7274-462C-B6D2-3BA903CA0A32}.Debug|x64.ActiveCfg = Debug|Any CPU
		{95D37544-7274-462C-B6D2-3BA903CA0A32}.Debug|x64.Build.0 = Debug|Any CPU
		{95D37544-7274-462C-B6D2-3BA903CA0A32}.Debug|x86.ActiveCfg = Debug|Any CPU
		{95D37544-7274-462C-B6D2-3BA903CA0A32}.Debug|x86.Build.0 = Debug|Any CPU
		{95D37544-7274-462C-B6D2-3BA903CA0A32}.Release|Any CPU.ActiveCfg = Release|Any CPU
		{95D37544-7274-462C-B6D2-3BA903CA0A32}.Release|Any CPU.Build.0 = Release|Any CPU
		{95D37544-7274-462C-B6D2-3BA903CA0A32}.Release|x64.ActiveCfg = Release|Any CPU
		{95D37544-7274-462C-B6D2-3BA903CA0A32}.Release|x64.Build.0 = Release|Any CPU
		{95D37544-7274-462C-B6D2-3BA903CA0A32}.Release|x86.ActiveCfg = Release|Any CPU
		{95D37544-7274-462C-B6D2-3BA903CA0A32}.Release|x86.Build.0 = Release|Any CPU
		{719F5436-14A5-4407-9BCB-ABFC062D8A37}.Debug|Any CPU.ActiveCfg = Debug|Any CPU
		{719F5436-14A5-4407-9BCB-ABFC062D8A37}.Debug|Any CPU.Build.0 = Debug|Any CPU
		{719F5436-14A5-4407-9BCB-ABFC062D8A37}.Debug|x64.ActiveCfg = Debug|Any CPU
		{719F5436-14A5-4407-9BCB-ABFC062D8A37}.Debug|x64.Build.0 = Debug|Any CPU
		{719F5436-14A5-4407-9BCB-ABFC062D8A37}.Debug|x86.ActiveCfg = Debug|Any CPU
		{719F5436-14A5-4407-9BCB-ABFC062D8A37}.Debug|x86.Build.0 = Debug|Any CPU
		{719F5436-14A5-4407-9BCB-ABFC062D8A37}.Release|Any CPU.ActiveCfg = Release|Any CPU
		{719F5436-14A5-4407-9BCB-ABFC062D8A37}.Release|Any CPU.Build.0 = Release|Any CPU
		{719F5436-14A5-4407-9BCB-ABFC062D8A37}.Release|x64.ActiveCfg = Release|Any CPU
		{719F5436-14A5-4407-9BCB-ABFC062D8A37}.Release|x64.Build.0 = Release|Any CPU
		{719F5436-14A5-4407-9BCB-ABFC062D8A37}.Release|x86.ActiveCfg = Release|Any CPU
		{719F5436-14A5-4407-9BCB-ABFC062D8A37}.Release|x86.Build.0 = Release|Any CPU
		{A9E629E7-7D3C-4E9F-9FC6-C4ED192D34EF}.Debug|Any CPU.ActiveCfg = Debug|Any CPU
		{A9E629E7-7D3C-4E9F-9FC6-C4ED192D34EF}.Debug|Any CPU.Build.0 = Debug|Any CPU
		{A9E629E7-7D3C-4E9F-9FC6-C4ED192D34EF}.Debug|x64.ActiveCfg = Debug|Any CPU
		{A9E629E7-7D3C-4E9F-9FC6-C4ED192D34EF}.Debug|x64.Build.0 = Debug|Any CPU
		{A9E629E7-7D3C-4E9F-9FC6-C4ED192D34EF}.Debug|x86.ActiveCfg = Debug|Any CPU
		{A9E629E7-7D3C-4E9F-9FC6-C4ED192D34EF}.Debug|x86.Build.0 = Debug|Any CPU
		{A9E629E7-7D3C-4E9F-9FC6-C4ED192D34EF}.Release|Any CPU.ActiveCfg = Release|Any CPU
		{A9E629E7-7D3C-4E9F-9FC6-C4ED192D34EF}.Release|Any CPU.Build.0 = Release|Any CPU
		{A9E629E7-7D3C-4E9F-9FC6-C4ED192D34EF}.Release|x64.ActiveCfg = Release|Any CPU
		{A9E629E7-7D3C-4E9F-9FC6-C4ED192D34EF}.Release|x64.Build.0 = Release|Any CPU
		{A9E629E7-7D3C-4E9F-9FC6-C4ED192D34EF}.Release|x86.ActiveCfg = Release|Any CPU
		{A9E629E7-7D3C-4E9F-9FC6-C4ED192D34EF}.Release|x86.Build.0 = Release|Any CPU
		{C6B68993-FCF8-4274-A5CF-EAAC6BD1BDEE}.Debug|Any CPU.ActiveCfg = Debug|Any CPU
		{C6B68993-FCF8-4274-A5CF-EAAC6BD1BDEE}.Debug|Any CPU.Build.0 = Debug|Any CPU
		{C6B68993-FCF8-4274-A5CF-EAAC6BD1BDEE}.Debug|x64.ActiveCfg = Debug|Any CPU
		{C6B68993-FCF8-4274-A5CF-EAAC6BD1BDEE}.Debug|x64.Build.0 = Debug|Any CPU
		{C6B68993-FCF8-4274-A5CF-EAAC6BD1BDEE}.Debug|x86.ActiveCfg = Debug|Any CPU
		{C6B68993-FCF8-4274-A5CF-EAAC6BD1BDEE}.Debug|x86.Build.0 = Debug|Any CPU
		{C6B68993-FCF8-4274-A5CF-EAAC6BD1BDEE}.Release|Any CPU.ActiveCfg = Release|Any CPU
		{C6B68993-FCF8-4274-A5CF-EAAC6BD1BDEE}.Release|Any CPU.Build.0 = Release|Any CPU
		{C6B68993-FCF8-4274-A5CF-EAAC6BD1BDEE}.Release|x64.ActiveCfg = Release|Any CPU
		{C6B68993-FCF8-4274-A5CF-EAAC6BD1BDEE}.Release|x64.Build.0 = Release|Any CPU
		{C6B68993-FCF8-4274-A5CF-EAAC6BD1BDEE}.Release|x86.ActiveCfg = Release|Any CPU
		{C6B68993-FCF8-4274-A5CF-EAAC6BD1BDEE}.Release|x86.Build.0 = Release|Any CPU
		{12DA317A-9C1A-42F9-AAE7-63B3B175B4EC}.Debug|Any CPU.ActiveCfg = Debug|Any CPU
		{12DA317A-9C1A-42F9-AAE7-63B3B175B4EC}.Debug|Any CPU.Build.0 = Debug|Any CPU
		{12DA317A-9C1A-42F9-AAE7-63B3B175B4EC}.Debug|x64.ActiveCfg = Debug|Any CPU
		{12DA317A-9C1A-42F9-AAE7-63B3B175B4EC}.Debug|x64.Build.0 = Debug|Any CPU
		{12DA317A-9C1A-42F9-AAE7-63B3B175B4EC}.Debug|x86.ActiveCfg = Debug|Any CPU
		{12DA317A-9C1A-42F9-AAE7-63B3B175B4EC}.Debug|x86.Build.0 = Debug|Any CPU
		{12DA317A-9C1A-42F9-AAE7-63B3B175B4EC}.Release|Any CPU.ActiveCfg = Release|Any CPU
		{12DA317A-9C1A-42F9-AAE7-63B3B175B4EC}.Release|Any CPU.Build.0 = Release|Any CPU
		{12DA317A-9C1A-42F9-AAE7-63B3B175B4EC}.Release|x64.ActiveCfg = Release|Any CPU
		{12DA317A-9C1A-42F9-AAE7-63B3B175B4EC}.Release|x64.Build.0 = Release|Any CPU
		{12DA317A-9C1A-42F9-AAE7-63B3B175B4EC}.Release|x86.ActiveCfg = Release|Any CPU
		{12DA317A-9C1A-42F9-AAE7-63B3B175B4EC}.Release|x86.Build.0 = Release|Any CPU
		{0125632F-379C-4348-9762-AD961EAED431}.Debug|Any CPU.ActiveCfg = Debug|Any CPU
		{0125632F-379C-4348-9762-AD961EAED431}.Debug|Any CPU.Build.0 = Debug|Any CPU
		{0125632F-379C-4348-9762-AD961EAED431}.Debug|x64.ActiveCfg = Debug|Any CPU
		{0125632F-379C-4348-9762-AD961EAED431}.Debug|x64.Build.0 = Debug|Any CPU
		{0125632F-379C-4348-9762-AD961EAED431}.Debug|x86.ActiveCfg = Debug|Any CPU
		{0125632F-379C-4348-9762-AD961EAED431}.Debug|x86.Build.0 = Debug|Any CPU
		{0125632F-379C-4348-9762-AD961EAED431}.Release|Any CPU.ActiveCfg = Release|Any CPU
		{0125632F-379C-4348-9762-AD961EAED431}.Release|Any CPU.Build.0 = Release|Any CPU
		{0125632F-379C-4348-9762-AD961EAED431}.Release|x64.ActiveCfg = Release|Any CPU
		{0125632F-379C-4348-9762-AD961EAED431}.Release|x64.Build.0 = Release|Any CPU
		{0125632F-379C-4348-9762-AD961EAED431}.Release|x86.ActiveCfg = Release|Any CPU
		{0125632F-379C-4348-9762-AD961EAED431}.Release|x86.Build.0 = Release|Any CPU
		{4372BA95-724D-4CE5-B263-529A0A171B08}.Debug|Any CPU.ActiveCfg = Debug|Any CPU
		{4372BA95-724D-4CE5-B263-529A0A171B08}.Debug|Any CPU.Build.0 = Debug|Any CPU
		{4372BA95-724D-4CE5-B263-529A0A171B08}.Debug|x64.ActiveCfg = Debug|Any CPU
		{4372BA95-724D-4CE5-B263-529A0A171B08}.Debug|x64.Build.0 = Debug|Any CPU
		{4372BA95-724D-4CE5-B263-529A0A171B08}.Debug|x86.ActiveCfg = Debug|Any CPU
		{4372BA95-724D-4CE5-B263-529A0A171B08}.Debug|x86.Build.0 = Debug|Any CPU
		{4372BA95-724D-4CE5-B263-529A0A171B08}.Release|Any CPU.ActiveCfg = Release|Any CPU
		{4372BA95-724D-4CE5-B263-529A0A171B08}.Release|Any CPU.Build.0 = Release|Any CPU
		{4372BA95-724D-4CE5-B263-529A0A171B08}.Release|x64.ActiveCfg = Release|Any CPU
		{4372BA95-724D-4CE5-B263-529A0A171B08}.Release|x64.Build.0 = Release|Any CPU
		{4372BA95-724D-4CE5-B263-529A0A171B08}.Release|x86.ActiveCfg = Release|Any CPU
		{4372BA95-724D-4CE5-B263-529A0A171B08}.Release|x86.Build.0 = Release|Any CPU
		{45A7EDCD-2FFC-4791-82CE-EA3308DDD8CF}.Debug|Any CPU.ActiveCfg = Debug|Any CPU
		{45A7EDCD-2FFC-4791-82CE-EA3308DDD8CF}.Debug|Any CPU.Build.0 = Debug|Any CPU
		{45A7EDCD-2FFC-4791-82CE-EA3308DDD8CF}.Debug|x64.ActiveCfg = Debug|Any CPU
		{45A7EDCD-2FFC-4791-82CE-EA3308DDD8CF}.Debug|x64.Build.0 = Debug|Any CPU
		{45A7EDCD-2FFC-4791-82CE-EA3308DDD8CF}.Debug|x86.ActiveCfg = Debug|Any CPU
		{45A7EDCD-2FFC-4791-82CE-EA3308DDD8CF}.Debug|x86.Build.0 = Debug|Any CPU
		{45A7EDCD-2FFC-4791-82CE-EA3308DDD8CF}.Release|Any CPU.ActiveCfg = Release|Any CPU
		{45A7EDCD-2FFC-4791-82CE-EA3308DDD8CF}.Release|Any CPU.Build.0 = Release|Any CPU
		{45A7EDCD-2FFC-4791-82CE-EA3308DDD8CF}.Release|x64.ActiveCfg = Release|Any CPU
		{45A7EDCD-2FFC-4791-82CE-EA3308DDD8CF}.Release|x64.Build.0 = Release|Any CPU
		{45A7EDCD-2FFC-4791-82CE-EA3308DDD8CF}.Release|x86.ActiveCfg = Release|Any CPU
		{45A7EDCD-2FFC-4791-82CE-EA3308DDD8CF}.Release|x86.Build.0 = Release|Any CPU
		{A52D63B2-7FA1-4480-91BD-B22F491BECBE}.Debug|Any CPU.ActiveCfg = Debug|Any CPU
		{A52D63B2-7FA1-4480-91BD-B22F491BECBE}.Debug|Any CPU.Build.0 = Debug|Any CPU
		{A52D63B2-7FA1-4480-91BD-B22F491BECBE}.Debug|x64.ActiveCfg = Debug|Any CPU
		{A52D63B2-7FA1-4480-91BD-B22F491BECBE}.Debug|x64.Build.0 = Debug|Any CPU
		{A52D63B2-7FA1-4480-91BD-B22F491BECBE}.Debug|x86.ActiveCfg = Debug|Any CPU
		{A52D63B2-7FA1-4480-91BD-B22F491BECBE}.Debug|x86.Build.0 = Debug|Any CPU
		{A52D63B2-7FA1-4480-91BD-B22F491BECBE}.Release|Any CPU.ActiveCfg = Release|Any CPU
		{A52D63B2-7FA1-4480-91BD-B22F491BECBE}.Release|Any CPU.Build.0 = Release|Any CPU
		{A52D63B2-7FA1-4480-91BD-B22F491BECBE}.Release|x64.ActiveCfg = Release|Any CPU
		{A52D63B2-7FA1-4480-91BD-B22F491BECBE}.Release|x64.Build.0 = Release|Any CPU
		{A52D63B2-7FA1-4480-91BD-B22F491BECBE}.Release|x86.ActiveCfg = Release|Any CPU
		{A52D63B2-7FA1-4480-91BD-B22F491BECBE}.Release|x86.Build.0 = Release|Any CPU
		{1195243B-2225-45EF-9081-358FD3B8E6F9}.Debug|Any CPU.ActiveCfg = Debug|Any CPU
		{1195243B-2225-45EF-9081-358FD3B8E6F9}.Debug|Any CPU.Build.0 = Debug|Any CPU
		{1195243B-2225-45EF-9081-358FD3B8E6F9}.Debug|x64.ActiveCfg = Debug|Any CPU
		{1195243B-2225-45EF-9081-358FD3B8E6F9}.Debug|x64.Build.0 = Debug|Any CPU
		{1195243B-2225-45EF-9081-358FD3B8E6F9}.Debug|x86.ActiveCfg = Debug|Any CPU
		{1195243B-2225-45EF-9081-358FD3B8E6F9}.Debug|x86.Build.0 = Debug|Any CPU
		{1195243B-2225-45EF-9081-358FD3B8E6F9}.Release|Any CPU.ActiveCfg = Release|Any CPU
		{1195243B-2225-45EF-9081-358FD3B8E6F9}.Release|Any CPU.Build.0 = Release|Any CPU
		{1195243B-2225-45EF-9081-358FD3B8E6F9}.Release|x64.ActiveCfg = Release|Any CPU
		{1195243B-2225-45EF-9081-358FD3B8E6F9}.Release|x64.Build.0 = Release|Any CPU
		{1195243B-2225-45EF-9081-358FD3B8E6F9}.Release|x86.ActiveCfg = Release|Any CPU
		{1195243B-2225-45EF-9081-358FD3B8E6F9}.Release|x86.Build.0 = Release|Any CPU
		{C4D0EA86-BC15-4451-A5FD-294BE16BECEF}.Debug|Any CPU.ActiveCfg = Debug|Any CPU
		{C4D0EA86-BC15-4451-A5FD-294BE16BECEF}.Debug|Any CPU.Build.0 = Debug|Any CPU
		{C4D0EA86-BC15-4451-A5FD-294BE16BECEF}.Debug|x64.ActiveCfg = Debug|Any CPU
		{C4D0EA86-BC15-4451-A5FD-294BE16BECEF}.Debug|x64.Build.0 = Debug|Any CPU
		{C4D0EA86-BC15-4451-A5FD-294BE16BECEF}.Debug|x86.ActiveCfg = Debug|Any CPU
		{C4D0EA86-BC15-4451-A5FD-294BE16BECEF}.Debug|x86.Build.0 = Debug|Any CPU
		{C4D0EA86-BC15-4451-A5FD-294BE16BECEF}.Release|Any CPU.ActiveCfg = Release|Any CPU
		{C4D0EA86-BC15-4451-A5FD-294BE16BECEF}.Release|Any CPU.Build.0 = Release|Any CPU
		{C4D0EA86-BC15-4451-A5FD-294BE16BECEF}.Release|x64.ActiveCfg = Release|Any CPU
		{C4D0EA86-BC15-4451-A5FD-294BE16BECEF}.Release|x64.Build.0 = Release|Any CPU
		{C4D0EA86-BC15-4451-A5FD-294BE16BECEF}.Release|x86.ActiveCfg = Release|Any CPU
		{C4D0EA86-BC15-4451-A5FD-294BE16BECEF}.Release|x86.Build.0 = Release|Any CPU
		{3D504D2B-3995-44D8-A49E-A0E0D0A3F71D}.Debug|Any CPU.ActiveCfg = Debug|Any CPU
		{3D504D2B-3995-44D8-A49E-A0E0D0A3F71D}.Debug|Any CPU.Build.0 = Debug|Any CPU
		{3D504D2B-3995-44D8-A49E-A0E0D0A3F71D}.Debug|x64.ActiveCfg = Debug|Any CPU
		{3D504D2B-3995-44D8-A49E-A0E0D0A3F71D}.Debug|x64.Build.0 = Debug|Any CPU
		{3D504D2B-3995-44D8-A49E-A0E0D0A3F71D}.Debug|x86.ActiveCfg = Debug|Any CPU
		{3D504D2B-3995-44D8-A49E-A0E0D0A3F71D}.Debug|x86.Build.0 = Debug|Any CPU
		{3D504D2B-3995-44D8-A49E-A0E0D0A3F71D}.Release|Any CPU.ActiveCfg = Release|Any CPU
		{3D504D2B-3995-44D8-A49E-A0E0D0A3F71D}.Release|Any CPU.Build.0 = Release|Any CPU
		{3D504D2B-3995-44D8-A49E-A0E0D0A3F71D}.Release|x64.ActiveCfg = Release|Any CPU
		{3D504D2B-3995-44D8-A49E-A0E0D0A3F71D}.Release|x64.Build.0 = Release|Any CPU
		{3D504D2B-3995-44D8-A49E-A0E0D0A3F71D}.Release|x86.ActiveCfg = Release|Any CPU
		{3D504D2B-3995-44D8-A49E-A0E0D0A3F71D}.Release|x86.Build.0 = Release|Any CPU
		{F1627808-0ECC-4A08-960F-8A4943382DC6}.Debug|Any CPU.ActiveCfg = Debug|Any CPU
		{F1627808-0ECC-4A08-960F-8A4943382DC6}.Debug|Any CPU.Build.0 = Debug|Any CPU
		{F1627808-0ECC-4A08-960F-8A4943382DC6}.Debug|x64.ActiveCfg = Debug|Any CPU
		{F1627808-0ECC-4A08-960F-8A4943382DC6}.Debug|x64.Build.0 = Debug|Any CPU
		{F1627808-0ECC-4A08-960F-8A4943382DC6}.Debug|x86.ActiveCfg = Debug|Any CPU
		{F1627808-0ECC-4A08-960F-8A4943382DC6}.Debug|x86.Build.0 = Debug|Any CPU
		{F1627808-0ECC-4A08-960F-8A4943382DC6}.Release|Any CPU.ActiveCfg = Release|Any CPU
		{F1627808-0ECC-4A08-960F-8A4943382DC6}.Release|Any CPU.Build.0 = Release|Any CPU
		{F1627808-0ECC-4A08-960F-8A4943382DC6}.Release|x64.ActiveCfg = Release|Any CPU
		{F1627808-0ECC-4A08-960F-8A4943382DC6}.Release|x64.Build.0 = Release|Any CPU
		{F1627808-0ECC-4A08-960F-8A4943382DC6}.Release|x86.ActiveCfg = Release|Any CPU
		{F1627808-0ECC-4A08-960F-8A4943382DC6}.Release|x86.Build.0 = Release|Any CPU
		{90E49895-88A1-4182-B56B-D11DD0FD838A}.Debug|Any CPU.ActiveCfg = Debug|Any CPU
		{90E49895-88A1-4182-B56B-D11DD0FD838A}.Debug|Any CPU.Build.0 = Debug|Any CPU
		{90E49895-88A1-4182-B56B-D11DD0FD838A}.Debug|x64.ActiveCfg = Debug|Any CPU
		{90E49895-88A1-4182-B56B-D11DD0FD838A}.Debug|x64.Build.0 = Debug|Any CPU
		{90E49895-88A1-4182-B56B-D11DD0FD838A}.Debug|x86.ActiveCfg = Debug|Any CPU
		{90E49895-88A1-4182-B56B-D11DD0FD838A}.Debug|x86.Build.0 = Debug|Any CPU
		{90E49895-88A1-4182-B56B-D11DD0FD838A}.Release|Any CPU.ActiveCfg = Release|Any CPU
		{90E49895-88A1-4182-B56B-D11DD0FD838A}.Release|Any CPU.Build.0 = Release|Any CPU
		{90E49895-88A1-4182-B56B-D11DD0FD838A}.Release|x64.ActiveCfg = Release|Any CPU
		{90E49895-88A1-4182-B56B-D11DD0FD838A}.Release|x64.Build.0 = Release|Any CPU
		{90E49895-88A1-4182-B56B-D11DD0FD838A}.Release|x86.ActiveCfg = Release|Any CPU
		{90E49895-88A1-4182-B56B-D11DD0FD838A}.Release|x86.Build.0 = Release|Any CPU
		{FA81AEBD-72C7-45A5-B4ED-698AAF15EEEB}.Debug|Any CPU.ActiveCfg = Debug|Any CPU
		{FA81AEBD-72C7-45A5-B4ED-698AAF15EEEB}.Debug|Any CPU.Build.0 = Debug|Any CPU
		{FA81AEBD-72C7-45A5-B4ED-698AAF15EEEB}.Debug|x64.ActiveCfg = Debug|Any CPU
		{FA81AEBD-72C7-45A5-B4ED-698AAF15EEEB}.Debug|x64.Build.0 = Debug|Any CPU
		{FA81AEBD-72C7-45A5-B4ED-698AAF15EEEB}.Debug|x86.ActiveCfg = Debug|Any CPU
		{FA81AEBD-72C7-45A5-B4ED-698AAF15EEEB}.Debug|x86.Build.0 = Debug|Any CPU
		{FA81AEBD-72C7-45A5-B4ED-698AAF15EEEB}.Release|Any CPU.ActiveCfg = Release|Any CPU
		{FA81AEBD-72C7-45A5-B4ED-698AAF15EEEB}.Release|Any CPU.Build.0 = Release|Any CPU
		{FA81AEBD-72C7-45A5-B4ED-698AAF15EEEB}.Release|x64.ActiveCfg = Release|Any CPU
		{FA81AEBD-72C7-45A5-B4ED-698AAF15EEEB}.Release|x64.Build.0 = Release|Any CPU
		{FA81AEBD-72C7-45A5-B4ED-698AAF15EEEB}.Release|x86.ActiveCfg = Release|Any CPU
		{FA81AEBD-72C7-45A5-B4ED-698AAF15EEEB}.Release|x86.Build.0 = Release|Any CPU
		{6F479808-9C2D-42B5-8AA7-28DE11B6A9F0}.Debug|Any CPU.ActiveCfg = Debug|Any CPU
		{6F479808-9C2D-42B5-8AA7-28DE11B6A9F0}.Debug|Any CPU.Build.0 = Debug|Any CPU
		{6F479808-9C2D-42B5-8AA7-28DE11B6A9F0}.Debug|x64.ActiveCfg = Debug|Any CPU
		{6F479808-9C2D-42B5-8AA7-28DE11B6A9F0}.Debug|x64.Build.0 = Debug|Any CPU
		{6F479808-9C2D-42B5-8AA7-28DE11B6A9F0}.Debug|x86.ActiveCfg = Debug|Any CPU
		{6F479808-9C2D-42B5-8AA7-28DE11B6A9F0}.Debug|x86.Build.0 = Debug|Any CPU
		{6F479808-9C2D-42B5-8AA7-28DE11B6A9F0}.Release|Any CPU.ActiveCfg = Release|Any CPU
		{6F479808-9C2D-42B5-8AA7-28DE11B6A9F0}.Release|Any CPU.Build.0 = Release|Any CPU
		{6F479808-9C2D-42B5-8AA7-28DE11B6A9F0}.Release|x64.ActiveCfg = Release|Any CPU
		{6F479808-9C2D-42B5-8AA7-28DE11B6A9F0}.Release|x64.Build.0 = Release|Any CPU
		{6F479808-9C2D-42B5-8AA7-28DE11B6A9F0}.Release|x86.ActiveCfg = Release|Any CPU
		{6F479808-9C2D-42B5-8AA7-28DE11B6A9F0}.Release|x86.Build.0 = Release|Any CPU
		{79E9B547-05B6-44BC-A8B3-B5FADFE108FF}.Debug|Any CPU.ActiveCfg = Debug|Any CPU
		{79E9B547-05B6-44BC-A8B3-B5FADFE108FF}.Debug|Any CPU.Build.0 = Debug|Any CPU
		{79E9B547-05B6-44BC-A8B3-B5FADFE108FF}.Debug|x64.ActiveCfg = Debug|Any CPU
		{79E9B547-05B6-44BC-A8B3-B5FADFE108FF}.Debug|x64.Build.0 = Debug|Any CPU
		{79E9B547-05B6-44BC-A8B3-B5FADFE108FF}.Debug|x86.ActiveCfg = Debug|Any CPU
		{79E9B547-05B6-44BC-A8B3-B5FADFE108FF}.Debug|x86.Build.0 = Debug|Any CPU
		{79E9B547-05B6-44BC-A8B3-B5FADFE108FF}.Release|Any CPU.ActiveCfg = Release|Any CPU
		{79E9B547-05B6-44BC-A8B3-B5FADFE108FF}.Release|Any CPU.Build.0 = Release|Any CPU
		{79E9B547-05B6-44BC-A8B3-B5FADFE108FF}.Release|x64.ActiveCfg = Release|Any CPU
		{79E9B547-05B6-44BC-A8B3-B5FADFE108FF}.Release|x64.Build.0 = Release|Any CPU
		{79E9B547-05B6-44BC-A8B3-B5FADFE108FF}.Release|x86.ActiveCfg = Release|Any CPU
		{79E9B547-05B6-44BC-A8B3-B5FADFE108FF}.Release|x86.Build.0 = Release|Any CPU
		{DEBF3858-FDA2-4580-B3DD-15A90DD69E55}.Debug|Any CPU.ActiveCfg = Debug|Any CPU
		{DEBF3858-FDA2-4580-B3DD-15A90DD69E55}.Debug|Any CPU.Build.0 = Debug|Any CPU
		{DEBF3858-FDA2-4580-B3DD-15A90DD69E55}.Debug|x64.ActiveCfg = Debug|Any CPU
		{DEBF3858-FDA2-4580-B3DD-15A90DD69E55}.Debug|x64.Build.0 = Debug|Any CPU
		{DEBF3858-FDA2-4580-B3DD-15A90DD69E55}.Debug|x86.ActiveCfg = Debug|Any CPU
		{DEBF3858-FDA2-4580-B3DD-15A90DD69E55}.Debug|x86.Build.0 = Debug|Any CPU
		{DEBF3858-FDA2-4580-B3DD-15A90DD69E55}.Release|Any CPU.ActiveCfg = Release|Any CPU
		{DEBF3858-FDA2-4580-B3DD-15A90DD69E55}.Release|Any CPU.Build.0 = Release|Any CPU
		{DEBF3858-FDA2-4580-B3DD-15A90DD69E55}.Release|x64.ActiveCfg = Release|Any CPU
		{DEBF3858-FDA2-4580-B3DD-15A90DD69E55}.Release|x64.Build.0 = Release|Any CPU
		{DEBF3858-FDA2-4580-B3DD-15A90DD69E55}.Release|x86.ActiveCfg = Release|Any CPU
		{DEBF3858-FDA2-4580-B3DD-15A90DD69E55}.Release|x86.Build.0 = Release|Any CPU
	EndGlobalSection
	GlobalSection(SolutionProperties) = preSolution
		HideSolutionNode = FALSE
	EndGlobalSection
	GlobalSection(NestedProjects) = preSolution
		{357A7C97-5AE1-023F-1442-0D9F9AF22A31} = {5854FF58-B8C5-05C6-5BF2-ACE42193F22B}
		{24EE6AB2-D02D-7346-F780-6A87209C839F} = {357A7C97-5AE1-023F-1442-0D9F9AF22A31}
		{381B11D2-1A8E-1FD1-022F-33126C20DF91} = {24EE6AB2-D02D-7346-F780-6A87209C839F}
		{96F04D80-4E93-4B47-8A88-389B772EC9D1} = {381B11D2-1A8E-1FD1-022F-33126C20DF91}
		{11349CFE-E14E-3001-C5E9-551783699504} = {357A7C97-5AE1-023F-1442-0D9F9AF22A31}
		{F821D4B3-EE65-49B0-A15D-0F5F6B3BD014} = {11349CFE-E14E-3001-C5E9-551783699504}
		{2077412A-8150-44B1-8E26-9C788D3D3BA1} = {11349CFE-E14E-3001-C5E9-551783699504}
		{488B574B-203F-420B-9453-9A0583B709C8} = {11349CFE-E14E-3001-C5E9-551783699504}
		{C6A5CE3E-E1EB-3469-3930-21A9F5C28DF6} = {24EE6AB2-D02D-7346-F780-6A87209C839F}
		{FC87FAF1-B1CE-4B58-B177-E86900929D57} = {C6A5CE3E-E1EB-3469-3930-21A9F5C28DF6}
		{4A582C48-FCAC-4378-97BE-00C840176576} = {11349CFE-E14E-3001-C5E9-551783699504}
		{06470F13-D646-4954-ED4A-FA216054436A} = {5854FF58-B8C5-05C6-5BF2-ACE42193F22B}
		{428F4B99-902C-FC4B-8D32-09714F842F15} = {06470F13-D646-4954-ED4A-FA216054436A}
		{CDD3279B-3314-4176-8472-C3AFF657F906} = {428F4B99-902C-FC4B-8D32-09714F842F15}
		{41DB1BCB-8E8F-481E-AA64-4E438FE0923A} = {CDD3279B-3314-4176-8472-C3AFF657F906}
		{8F92B431-7114-C16D-7B8D-1A63B3CF6875} = {06470F13-D646-4954-ED4A-FA216054436A}
		{CB8C2FB2-6919-4881-B91A-C93F1E2F560F} = {8F92B431-7114-C16D-7B8D-1A63B3CF6875}
		{365BF7AF-15D2-43D6-B592-B45BF2F42473} = {8F92B431-7114-C16D-7B8D-1A63B3CF6875}
		{C208CBC3-E8F0-40B3-90B0-EFB7E583A0CE} = {8F92B431-7114-C16D-7B8D-1A63B3CF6875}
		{3B62D488-E5C0-4DCE-91D1-2345FB0528A9} = {CDD3279B-3314-4176-8472-C3AFF657F906}
		{7CEB3D8A-84B7-0452-305C-809BD2A0E058} = {428F4B99-902C-FC4B-8D32-09714F842F15}
		{6B14993D-3DAE-4AAD-A685-A8658F556714} = {7CEB3D8A-84B7-0452-305C-809BD2A0E058}
		{B7DBFB96-2424-47A9-B9C2-D7E859A69A41} = {8F92B431-7114-C16D-7B8D-1A63B3CF6875}
		{714CC2AF-245C-D6B1-E117-A1157E62AF44} = {5854FF58-B8C5-05C6-5BF2-ACE42193F22B}
		{963C4EC0-52C4-C2B9-F581-E5C5398D8597} = {714CC2AF-245C-D6B1-E117-A1157E62AF44}
		{08C6B6F9-D69F-8741-5EBB-82C8A7C5D5C2} = {963C4EC0-52C4-C2B9-F581-E5C5398D8597}
		{562A5A8B-B171-43D9-92F9-5A3EEE07B1DA} = {08C6B6F9-D69F-8741-5EBB-82C8A7C5D5C2}
		{84B429E4-92AB-EF9B-D0A9-E0596A8BA24B} = {714CC2AF-245C-D6B1-E117-A1157E62AF44}
		{C2FD7A03-1041-43F2-8342-3BD269451DA2} = {84B429E4-92AB-EF9B-D0A9-E0596A8BA24B}
		{11AB39C3-E18C-4888-8EB4-2956D64A3FC7} = {84B429E4-92AB-EF9B-D0A9-E0596A8BA24B}
		{2BBDC313-6AE0-48DA-970D-77E7B91E5CD9} = {84B429E4-92AB-EF9B-D0A9-E0596A8BA24B}
		{7F71277D-1507-45A5-B7D8-DD44C604CF02} = {08C6B6F9-D69F-8741-5EBB-82C8A7C5D5C2}
		{2DE15914-6D8B-963C-4E09-A8627695102D} = {963C4EC0-52C4-C2B9-F581-E5C5398D8597}
		{04D7D0CB-E259-43F0-B479-42257E7DDEA0} = {2DE15914-6D8B-963C-4E09-A8627695102D}
		{0FFF5DCB-A4ED-414B-A631-976AE3D55890} = {84B429E4-92AB-EF9B-D0A9-E0596A8BA24B}
		{944ACC7E-4FFC-A2A2-09E1-98A62C66F8DB} = {5854FF58-B8C5-05C6-5BF2-ACE42193F22B}
		{26B96603-2099-C782-EFE9-34CF1538469E} = {944ACC7E-4FFC-A2A2-09E1-98A62C66F8DB}
		{5706C18E-2DD8-988E-6650-1D910970FB60} = {26B96603-2099-C782-EFE9-34CF1538469E}
		{341B7C4F-20F9-4167-911B-342B63BE6B1F} = {5706C18E-2DD8-988E-6650-1D910970FB60}
		{41BBDC93-4E50-1894-3C33-F8A2B62FA41D} = {944ACC7E-4FFC-A2A2-09E1-98A62C66F8DB}
		{65846CA7-7FBE-401A-B63E-1D183C19FFCD} = {41BBDC93-4E50-1894-3C33-F8A2B62FA41D}
		{91BEA733-078F-4B12-ABED-F7109136B771} = {41BBDC93-4E50-1894-3C33-F8A2B62FA41D}
		{908E391B-3786-4226-BB18-F94977D8E90C} = {41BBDC93-4E50-1894-3C33-F8A2B62FA41D}
		{C29EB86D-1013-481D-AB7D-2B995DBF6812} = {5706C18E-2DD8-988E-6650-1D910970FB60}
		{0E70E967-53F8-5530-FA17-BF0C1290AC6A} = {26B96603-2099-C782-EFE9-34CF1538469E}
		{6841A239-C81A-415B-B2E7-E7F61855AF15} = {0E70E967-53F8-5530-FA17-BF0C1290AC6A}
		{3D8FF26F-8D09-4372-8EE1-FC7C6027FEB1} = {41BBDC93-4E50-1894-3C33-F8A2B62FA41D}
		{32D673C6-417B-0EA7-E011-5E969F1F2111} = {5854FF58-B8C5-05C6-5BF2-ACE42193F22B}
		{06EB6DD4-93EB-639E-C411-C859739C5376} = {32D673C6-417B-0EA7-E011-5E969F1F2111}
		{2DDCA865-E7BB-BF4C-AE3C-7DB5ECEDEA4E} = {06EB6DD4-93EB-639E-C411-C859739C5376}
		{020A7D3C-4F21-41D8-9EB6-52BDE87012EC} = {2DDCA865-E7BB-BF4C-AE3C-7DB5ECEDEA4E}
		{82CD180A-7435-768D-493C-187E1FAF8F8B} = {32D673C6-417B-0EA7-E011-5E969F1F2111}
		{DC14FD8A-66EF-4487-9C7F-7D3B9F284FEE} = {82CD180A-7435-768D-493C-187E1FAF8F8B}
		{95D37544-7274-462C-B6D2-3BA903CA0A32} = {82CD180A-7435-768D-493C-187E1FAF8F8B}
		{719F5436-14A5-4407-9BCB-ABFC062D8A37} = {82CD180A-7435-768D-493C-187E1FAF8F8B}
		{A9E629E7-7D3C-4E9F-9FC6-C4ED192D34EF} = {2DDCA865-E7BB-BF4C-AE3C-7DB5ECEDEA4E}
		{7AA914D5-E5AF-A0EE-CFCB-8DD3E86584BA} = {06EB6DD4-93EB-639E-C411-C859739C5376}
		{C6B68993-FCF8-4274-A5CF-EAAC6BD1BDEE} = {7AA914D5-E5AF-A0EE-CFCB-8DD3E86584BA}
		{12DA317A-9C1A-42F9-AAE7-63B3B175B4EC} = {82CD180A-7435-768D-493C-187E1FAF8F8B}
		{3BAACA43-EC64-C367-9FAA-9C38067293A8} = {5854FF58-B8C5-05C6-5BF2-ACE42193F22B}
		{A5051CE6-44C1-9EE0-BF75-53BEFDCE1024} = {3BAACA43-EC64-C367-9FAA-9C38067293A8}
		{47A056B8-36F8-5ACB-AE1A-40FA6BC73488} = {A5051CE6-44C1-9EE0-BF75-53BEFDCE1024}
		{0125632F-379C-4348-9762-AD961EAED431} = {47A056B8-36F8-5ACB-AE1A-40FA6BC73488}
		{3EDB9CFC-2382-5EF6-3E27-F6F32ED06D57} = {3BAACA43-EC64-C367-9FAA-9C38067293A8}
		{4372BA95-724D-4CE5-B263-529A0A171B08} = {3EDB9CFC-2382-5EF6-3E27-F6F32ED06D57}
		{45A7EDCD-2FFC-4791-82CE-EA3308DDD8CF} = {3EDB9CFC-2382-5EF6-3E27-F6F32ED06D57}
		{A52D63B2-7FA1-4480-91BD-B22F491BECBE} = {3EDB9CFC-2382-5EF6-3E27-F6F32ED06D57}
		{1195243B-2225-45EF-9081-358FD3B8E6F9} = {47A056B8-36F8-5ACB-AE1A-40FA6BC73488}
		{EF63E02C-435D-5BEE-9A90-A2098822AB12} = {A5051CE6-44C1-9EE0-BF75-53BEFDCE1024}
		{C4D0EA86-BC15-4451-A5FD-294BE16BECEF} = {EF63E02C-435D-5BEE-9A90-A2098822AB12}
		{3D504D2B-3995-44D8-A49E-A0E0D0A3F71D} = {3EDB9CFC-2382-5EF6-3E27-F6F32ED06D57}
		{E968773F-A3F0-8B5A-CFB8-BE121AA8E63F} = {5854FF58-B8C5-05C6-5BF2-ACE42193F22B}
		{F8AF3D45-4AFB-8D53-0BFD-9C3932D21D8E} = {E968773F-A3F0-8B5A-CFB8-BE121AA8E63F}
		{5151AEEF-E412-34B7-D12F-EE15A5C645B9} = {F8AF3D45-4AFB-8D53-0BFD-9C3932D21D8E}
		{F1627808-0ECC-4A08-960F-8A4943382DC6} = {5151AEEF-E412-34B7-D12F-EE15A5C645B9}
		{60AB97C5-5A84-D312-BDAA-23917E573DDB} = {E968773F-A3F0-8B5A-CFB8-BE121AA8E63F}
		{90E49895-88A1-4182-B56B-D11DD0FD838A} = {60AB97C5-5A84-D312-BDAA-23917E573DDB}
		{FA81AEBD-72C7-45A5-B4ED-698AAF15EEEB} = {60AB97C5-5A84-D312-BDAA-23917E573DDB}
		{6F479808-9C2D-42B5-8AA7-28DE11B6A9F0} = {60AB97C5-5A84-D312-BDAA-23917E573DDB}
		{154F28C3-321C-5E5A-8D48-38ACA5C67376} = {F8AF3D45-4AFB-8D53-0BFD-9C3932D21D8E}
		{79E9B547-05B6-44BC-A8B3-B5FADFE108FF} = {154F28C3-321C-5E5A-8D48-38ACA5C67376}
		{DEBF3858-FDA2-4580-B3DD-15A90DD69E55} = {60AB97C5-5A84-D312-BDAA-23917E573DDB}
	EndGlobalSection
EndGlobal
