
Microsoft Visual Studio Solution File, Format Version 12.00
# Visual Studio Version 17
VisualStudioVersion = 17.0.31903.59
MinimumVisualStudioVersion = 10.0.40219.1
Project("{2150E333-8FDC-42A3-9474-1A3956D46DE8}") = "tests", "tests", "{AC354AB2-6EDB-4C9F-A63C-D12261B37ADF}"
EndProject
Project("{2150E333-8FDC-42A3-9474-1A3956D46DE8}") = "unit", "unit", "{77C2523A-C7A4-40BC-A9BC-842FE0BD9643}"
EndProject
Project("{FAE04EC0-301F-11D3-BF4B-00C04F79EFBC}") = "Identity.UnitTests", "tests\unit\Identity.UnitTests\Identity.UnitTests.csproj", "{7136EA2C-5F8D-4A39-80CB-96148F31011D}"
EndProject
Project("{2150E333-8FDC-42A3-9474-1A3956D46DE8}") = "src", "src", "{4577AB49-3C2C-40D2-AFC1-F49E284D4B34}"
EndProject
Project("{FAE04EC0-301F-11D3-BF4B-00C04F79EFBC}") = "Identity.Infrastructure", "src\Identity.Infrastructure\Identity.Infrastructure.csproj", "{5C453EFD-3E49-45B8-B729-3E6ABE0FEDF4}"
EndProject
Project("{FAE04EC0-301F-11D3-BF4B-00C04F79EFBC}") = "Identity.Domain", "src\Identity.Domain\Identity.Domain.csproj", "{B3D64933-DA16-4FC2-A6CC-ECD7CF8FEE2D}"
EndProject
Project("{FAE04EC0-301F-11D3-BF4B-00C04F79EFBC}") = "Identity.Api", "src\Identity.Api\Identity.Api.csproj", "{8F0B8A2B-21CC-4F11-AA77-6C0D9D0BAB96}"
EndProject
Project("{FAE04EC0-301F-11D3-BF4B-00C04F79EFBC}") = "Identity.Application", "src\Identity.Application\Identity.Application.csproj", "{00B3ACD2-D0FA-4B3F-8A0F-3DE47C30AD72}"
EndProject
Global
	GlobalSection(SolutionConfigurationPlatforms) = preSolution
		Debug|Any CPU = Debug|Any CPU
		Release|Any CPU = Release|Any CPU
	EndGlobalSection
	GlobalSection(SolutionProperties) = preSolution
		HideSolutionNode = FALSE
	EndGlobalSection
	GlobalSection(ProjectConfigurationPlatforms) = postSolution
		{7136EA2C-5F8D-4A39-80CB-96148F31011D}.Debug|Any CPU.ActiveCfg = Debug|Any CPU
		{7136EA2C-5F8D-4A39-80CB-96148F31011D}.Debug|Any CPU.Build.0 = Debug|Any CPU
		{7136EA2C-5F8D-4A39-80CB-96148F31011D}.Release|Any CPU.ActiveCfg = Release|Any CPU
		{7136EA2C-5F8D-4A39-80CB-96148F31011D}.Release|Any CPU.Build.0 = Release|Any CPU
		{5C453EFD-3E49-45B8-B729-3E6ABE0FEDF4}.Debug|Any CPU.ActiveCfg = Debug|Any CPU
		{5C453EFD-3E49-45B8-B729-3E6ABE0FEDF4}.Debug|Any CPU.Build.0 = Debug|Any CPU
		{5C453EFD-3E49-45B8-B729-3E6ABE0FEDF4}.Release|Any CPU.ActiveCfg = Release|Any CPU
		{5C453EFD-3E49-45B8-B729-3E6ABE0FEDF4}.Release|Any CPU.Build.0 = Release|Any CPU
		{B3D64933-DA16-4FC2-A6CC-ECD7CF8FEE2D}.Debug|Any CPU.ActiveCfg = Debug|Any CPU
		{B3D64933-DA16-4FC2-A6CC-ECD7CF8FEE2D}.Debug|Any CPU.Build.0 = Debug|Any CPU
		{B3D64933-DA16-4FC2-A6CC-ECD7CF8FEE2D}.Release|Any CPU.ActiveCfg = Release|Any CPU
		{B3D64933-DA16-4FC2-A6CC-ECD7CF8FEE2D}.Release|Any CPU.Build.0 = Release|Any CPU
		{8F0B8A2B-21CC-4F11-AA77-6C0D9D0BAB96}.Debug|Any CPU.ActiveCfg = Debug|Any CPU
		{8F0B8A2B-21CC-4F11-AA77-6C0D9D0BAB96}.Debug|Any CPU.Build.0 = Debug|Any CPU
		{8F0B8A2B-21CC-4F11-AA77-6C0D9D0BAB96}.Release|Any CPU.ActiveCfg = Release|Any CPU
		{8F0B8A2B-21CC-4F11-AA77-6C0D9D0BAB96}.Release|Any CPU.Build.0 = Release|Any CPU
		{00B3ACD2-D0FA-4B3F-8A0F-3DE47C30AD72}.Debug|Any CPU.ActiveCfg = Debug|Any CPU
		{00B3ACD2-D0FA-4B3F-8A0F-3DE47C30AD72}.Debug|Any CPU.Build.0 = Debug|Any CPU
		{00B3ACD2-D0FA-4B3F-8A0F-3DE47C30AD72}.Release|Any CPU.ActiveCfg = Release|Any CPU
		{00B3ACD2-D0FA-4B3F-8A0F-3DE47C30AD72}.Release|Any CPU.Build.0 = Release|Any CPU
	EndGlobalSection
	GlobalSection(NestedProjects) = preSolution
		{77C2523A-C7A4-40BC-A9BC-842FE0BD9643} = {AC354AB2-6EDB-4C9F-A63C-D12261B37ADF}
		{7136EA2C-5F8D-4A39-80CB-96148F31011D} = {77C2523A-C7A4-40BC-A9BC-842FE0BD9643}
		{5C453EFD-3E49-45B8-B729-3E6ABE0FEDF4} = {4577AB49-3C2C-40D2-AFC1-F49E284D4B34}
		{B3D64933-DA16-4FC2-A6CC-ECD7CF8FEE2D} = {4577AB49-3C2C-40D2-AFC1-F49E284D4B34}
		{8F0B8A2B-21CC-4F11-AA77-6C0D9D0BAB96} = {4577AB49-3C2C-40D2-AFC1-F49E284D4B34}
		{00B3ACD2-D0FA-4B3F-8A0F-3DE47C30AD72} = {4577AB49-3C2C-40D2-AFC1-F49E284D4B34}
	EndGlobalSection
