
Microsoft Visual Studio Solution File, Format Version 12.00
# Visual Studio Version 17
VisualStudioVersion = 17.0.31903.59
MinimumVisualStudioVersion = 10.0.40219.1
Project("{2150E333-8FDC-42A3-9474-1A3956D46DE8}") = "tests", "tests", "{6089FCD0-39A3-4F73-84A5-8D3F18E05B02}"
EndProject
Project("{2150E333-8FDC-42A3-9474-1A3956D46DE8}") = "unit", "unit", "{ECBF323A-FC35-41E0-ADE8-E28B725E28EA}"
EndProject
Project("{FAE04EC0-301F-11D3-BF4B-00C04F79EFBC}") = "Fulfillment.Domain.UnitTests", "tests\unit\Fulfillment.Domain.UnitTests\Fulfillment.Domain.UnitTests.csproj", "{790897AB-2A9A-460C-AFF9-D6BEECD4354E}"
EndProject
Project("{FAE04EC0-301F-11D3-BF4B-00C04F79EFBC}") = "Fulfillment.Application.UnitTests", "tests\unit\Fulfillment.Application.UnitTests\Fulfillment.Application.UnitTests.csproj", "{CFD7F6EC-BB25-469C-A2B8-857E3CC75ED1}"
EndProject
Project("{2150E333-8FDC-42A3-9474-1A3956D46DE8}") = "src", "src", "{6A9CD171-DBAB-4297-9B54-CE9338142E7A}"
EndProject
Project("{FAE04EC0-301F-11D3-BF4B-00C04F79EFBC}") = "Fulfillment.Domain", "src\Fulfillment.Domain\Fulfillment.Domain.csproj", "{42B3C0ED-DA92-45ED-A823-A2D210729951}"
EndProject
Project("{FAE04EC0-301F-11D3-BF4B-00C04F79EFBC}") = "Fulfillment.Api", "src\Fulfillment.Api\Fulfillment.Api.csproj", "{E026D823-316E-47F6-A38E-4D4ADB3775CB}"
EndProject
Project("{FAE04EC0-301F-11D3-BF4B-00C04F79EFBC}") = "Fulfillment.Infrastructure", "src\Fulfillment.Infrastructure\Fulfillment.Infrastructure.csproj", "{35BC3CBF-5394-4DC4-9E00-AAC2FED001DE}"
EndProject
Project("{FAE04EC0-301F-11D3-BF4B-00C04F79EFBC}") = "Fulfillment.Application", "src\Fulfillment.Application\Fulfillment.Application.csproj", "{22AB6755-BA0F-4097-995B-95C30B0A819C}"
EndProject
Global
	GlobalSection(SolutionConfigurationPlatforms) = preSolution
		Debug|Any CPU = Debug|Any CPU
		Release|Any CPU = Release|Any CPU
	EndGlobalSection
	GlobalSection(SolutionProperties) = preSolution
		HideSolutionNode = FALSE
	EndGlobalSection
	GlobalSection(ProjectConfigurationPlatforms) = postSolution
		{790897AB-2A9A-460C-AFF9-D6BEECD4354E}.Debug|Any CPU.ActiveCfg = Debug|Any CPU
		{790897AB-2A9A-460C-AFF9-D6BEECD4354E}.Debug|Any CPU.Build.0 = Debug|Any CPU
		{790897AB-2A9A-460C-AFF9-D6BEECD4354E}.Release|Any CPU.ActiveCfg = Release|Any CPU
		{790897AB-2A9A-460C-AFF9-D6BEECD4354E}.Release|Any CPU.Build.0 = Release|Any CPU
		{CFD7F6EC-BB25-469C-A2B8-857E3CC75ED1}.Debug|Any CPU.ActiveCfg = Debug|Any CPU
		{CFD7F6EC-BB25-469C-A2B8-857E3CC75ED1}.Debug|Any CPU.Build.0 = Debug|Any CPU
		{CFD7F6EC-BB25-469C-A2B8-857E3CC75ED1}.Release|Any CPU.ActiveCfg = Release|Any CPU
		{CFD7F6EC-BB25-469C-A2B8-857E3CC75ED1}.Release|Any CPU.Build.0 = Release|Any CPU
		{42B3C0ED-DA92-45ED-A823-A2D210729951}.Debug|Any CPU.ActiveCfg = Debug|Any CPU
		{42B3C0ED-DA92-45ED-A823-A2D210729951}.Debug|Any CPU.Build.0 = Debug|Any CPU
		{42B3C0ED-DA92-45ED-A823-A2D210729951}.Release|Any CPU.ActiveCfg = Release|Any CPU
		{42B3C0ED-DA92-45ED-A823-A2D210729951}.Release|Any CPU.Build.0 = Release|Any CPU
		{E026D823-316E-47F6-A38E-4D4ADB3775CB}.Debug|Any CPU.ActiveCfg = Debug|Any CPU
		{E026D823-316E-47F6-A38E-4D4ADB3775CB}.Debug|Any CPU.Build.0 = Debug|Any CPU
		{E026D823-316E-47F6-A38E-4D4ADB3775CB}.Release|Any CPU.ActiveCfg = Release|Any CPU
		{E026D823-316E-47F6-A38E-4D4ADB3775CB}.Release|Any CPU.Build.0 = Release|Any CPU
		{35BC3CBF-5394-4DC4-9E00-AAC2FED001DE}.Debug|Any CPU.ActiveCfg = Debug|Any CPU
		{35BC3CBF-5394-4DC4-9E00-AAC2FED001DE}.Debug|Any CPU.Build.0 = Debug|Any CPU
		{35BC3CBF-5394-4DC4-9E00-AAC2FED001DE}.Release|Any CPU.ActiveCfg = Release|Any CPU
		{35BC3CBF-5394-4DC4-9E00-AAC2FED001DE}.Release|Any CPU.Build.0 = Release|Any CPU
		{22AB6755-BA0F-4097-995B-95C30B0A819C}.Debug|Any CPU.ActiveCfg = Debug|Any CPU
		{22AB6755-BA0F-4097-995B-95C30B0A819C}.Debug|Any CPU.Build.0 = Debug|Any CPU
		{22AB6755-BA0F-4097-995B-95C30B0A819C}.Release|Any CPU.ActiveCfg = Release|Any CPU
		{22AB6755-BA0F-4097-995B-95C30B0A819C}.Release|Any CPU.Build.0 = Release|Any CPU
	EndGlobalSection
	GlobalSection(NestedProjects) = preSolution
		{ECBF323A-FC35-41E0-ADE8-E28B725E28EA} = {6089FCD0-39A3-4F73-84A5-8D3F18E05B02}
		{790897AB-2A9A-460C-AFF9-D6BEECD4354E} = {ECBF323A-FC35-41E0-ADE8-E28B725E28EA}
		{CFD7F6EC-BB25-469C-A2B8-857E3CC75ED1} = {ECBF323A-FC35-41E0-ADE8-E28B725E28EA}
		{42B3C0ED-DA92-45ED-A823-A2D210729951} = {6A9CD171-DBAB-4297-9B54-CE9338142E7A}
		{E026D823-316E-47F6-A38E-4D4ADB3775CB} = {6A9CD171-DBAB-4297-9B54-CE9338142E7A}
		{35BC3CBF-5394-4DC4-9E00-AAC2FED001DE} = {6A9CD171-DBAB-4297-9B54-CE9338142E7A}
		{22AB6755-BA0F-4097-995B-95C30B0A819C} = {6A9CD171-DBAB-4297-9B54-CE9338142E7A}
	EndGlobalSection
EndGlobal
